Microsoft Visual Studio Solution File, Format Version 12.00
# Visual Studio 2013
VisualStudioVersion = 12.0.21005.1
MinimumVisualStudioVersion = 10.0.40219.1
Project("{8BC9CEB8-8B4A-11D0-8D11-00A0C91BC942}") = "png", "third-part\png\png.vcxproj", "{9DE26127-6412-30A5-8268-58336586ADA2}"
EndProject
Project("{8BC9CEB8-8B4A-11D0-8D11-00A0C91BC942}") = "skia", "third-part\skia\skia.vcxproj", "{757641DF-92E6-38D0-A386-20E177E42477}"
EndProject
Project("{8BC9CEB8-8B4A-11D0-8D11-00A0C91BC942}") = "zlib", "third-part\zlib\zlib.vcxproj", "{A965D178-5DBB-3227-B335-789C3AE55439}"
EndProject
Project("{8BC9CEB8-8B4A-11D0-8D11-00A0C91BC942}") = "lua-52", "third-part\lua-52\lua-52.vcxproj", "{F50F0CA1-A765-338C-B4F3-E677A07577A1}"
EndProject
Project("{8BC9CEB8-8B4A-11D0-8D11-00A0C91BC942}") = "smiley", "third-part\smiley\smiley.vcxproj", "{1C1F85F5-2239-35EE-B0D1-9BA9E39CF456}"
EndProject
Project("{8BC9CEB8-8B4A-11D0-8D11-00A0C91BC942}") = "mhook", "third-part\mhook\mhook.vcxproj", "{C4AE25FB-C917-3709-A1D6-8E255301FCA3}"
EndProject
Project("{8BC9CEB8-8B4A-11D0-8D11-00A0C91BC942}") = "utilities", "utilities\utilities.vcxproj", "{E32973FF-62D7-3903-9739-595A269CE43B}"
EndProject
Project("{8BC9CEB8-8B4A-11D0-8D11-00A0C91BC942}") = "soui", "SOUI\soui.vcxproj", "{C18FD3C8-5C22-3BF1-B96F-21D571D11A61}"
	ProjectSection(ProjectDependencies) = postProject
		{E32973FF-62D7-3903-9739-595A269CE43B} = {E32973FF-62D7-3903-9739-595A269CE43B}
		{88565D27-A5B1-3A02-8F53-0EEC30B9CF28} = {88565D27-A5B1-3A02-8F53-0EEC30B9CF28}
	EndProjectSection
EndProject
Project("{8BC9CEB8-8B4A-11D0-8D11-00A0C91BC942}") = "imgdecoder-wic", "components\imgdecoder-wic\imgdecoder-wic.vcxproj", "{71CBA080-8E3D-312E-B9F9-5870F4B2FC90}"
EndProject
Project("{8BC9CEB8-8B4A-11D0-8D11-00A0C91BC942}") = "render-gdi", "components\render-gdi\render-gdi.vcxproj", "{D8F4087A-1899-3059-8DFE-6DE91D1766CC}"
	ProjectSection(ProjectDependencies) = postProject
		{E32973FF-62D7-3903-9739-595A269CE43B} = {E32973FF-62D7-3903-9739-595A269CE43B}
	EndProjectSection
EndProject
Project("{8BC9CEB8-8B4A-11D0-8D11-00A0C91BC942}") = "render-skia", "components\render-skia\render-skia.vcxproj", "{C0F15248-9579-3042-A581-67485123016B}"
	ProjectSection(ProjectDependencies) = postProject
		{E32973FF-62D7-3903-9739-595A269CE43B} = {E32973FF-62D7-3903-9739-595A269CE43B}
		{757641DF-92E6-38D0-A386-20E177E42477} = {757641DF-92E6-38D0-A386-20E177E42477}
	EndProjectSection
EndProject
Project("{8BC9CEB8-8B4A-11D0-8D11-00A0C91BC942}") = "translator", "components\translator\translator.vcxproj", "{A40AF97C-CA75-3822-89E1-3992D030A572}"
	ProjectSection(ProjectDependencies) = postProject
		{E32973FF-62D7-3903-9739-595A269CE43B} = {E32973FF-62D7-3903-9739-595A269CE43B}
	EndProjectSection
EndProject
Project("{8BC9CEB8-8B4A-11D0-8D11-00A0C91BC942}") = "resprovider-zip", "components\resprovider-zip\resprovider-zip.vcxproj", "{1EC3A07B-2A4E-368B-B321-3BAA7CFE5B8D}"
	ProjectSection(ProjectDependencies) = postProject
		{E32973FF-62D7-3903-9739-595A269CE43B} = {E32973FF-62D7-3903-9739-595A269CE43B}
		{A965D178-5DBB-3227-B335-789C3AE55439} = {A965D178-5DBB-3227-B335-789C3AE55439}
	EndProjectSection
EndProject
Project("{8BC9CEB8-8B4A-11D0-8D11-00A0C91BC942}") = "imgdecoder-stb", "components\imgdecoder-stb\imgdecoder-stb.vcxproj", "{E67FEFCB-1EFF-39D2-BF62-1492DFDB6B5E}"
EndProject
Project("{8BC9CEB8-8B4A-11D0-8D11-00A0C91BC942}") = "imgdecoder-png", "components\imgdecoder-png\imgdecoder-png.vcxproj", "{60D7A5BA-87EC-303B-B276-36BD2789DCB3}"
	ProjectSection(ProjectDependencies) = postProject
		{9DE26127-6412-30A5-8268-58336586ADA2} = {9DE26127-6412-30A5-8268-58336586ADA2}
		{A965D178-5DBB-3227-B335-789C3AE55439} = {A965D178-5DBB-3227-B335-789C3AE55439}
	EndProjectSection
EndProject
Project("{8BC9CEB8-8B4A-11D0-8D11-00A0C91BC942}") = "imgdecoder-gdip", "components\imgdecoder-gdip\imgdecoder-gdip.vcxproj", "{04FB2FF8-DB41-31BE-9D86-D3D74ACA32FE}"
EndProject
Project("{8BC9CEB8-8B4A-11D0-8D11-00A0C91BC942}") = "scriptmodule-lua", "components\ScriptModule-LUA\scriptmodule-lua.vcxproj", "{AEEFC3E1-62C2-30F7-9C0F-0D0CA89E3338}"
	ProjectSection(ProjectDependencies) = postProject
		{C18FD3C8-5C22-3BF1-B96F-21D571D11A61} = {C18FD3C8-5C22-3BF1-B96F-21D571D11A61}
		{F50F0CA1-A765-338C-B4F3-E677A07577A1} = {F50F0CA1-A765-338C-B4F3-E677A07577A1}
	EndProjectSection
EndProject
Project("{8BC9CEB8-8B4A-11D0-8D11-00A0C91BC942}") = "log4z", "components\log4z\log4z.vcxproj", "{3FC1464D-EB84-34A5-826E-C324A63B2D05}"
EndProject
Project("{8BC9CEB8-8B4A-11D0-8D11-00A0C91BC942}") = "demo", "demo\demo.vcxproj", "{0DEE2DCB-0EDF-3173-AE4D-2E59431AC6DF}"
	ProjectSection(ProjectDependencies) = postProject
		{C18FD3C8-5C22-3BF1-B96F-21D571D11A61} = {C18FD3C8-5C22-3BF1-B96F-21D571D11A61}
		{71CBA080-8E3D-312E-B9F9-5870F4B2FC90} = {71CBA080-8E3D-312E-B9F9-5870F4B2FC90}
		{C4AE25FB-C917-3709-A1D6-8E255301FCA3} = {C4AE25FB-C917-3709-A1D6-8E255301FCA3}
		{1C1F85F5-2239-35EE-B0D1-9BA9E39CF456} = {1C1F85F5-2239-35EE-B0D1-9BA9E39CF456}
		{AEEFC3E1-62C2-30F7-9C0F-0D0CA89E3338} = {AEEFC3E1-62C2-30F7-9C0F-0D0CA89E3338}
		{E67FEFCB-1EFF-39D2-BF62-1492DFDB6B5E} = {E67FEFCB-1EFF-39D2-BF62-1492DFDB6B5E}
		{A40AF97C-CA75-3822-89E1-3992D030A572} = {A40AF97C-CA75-3822-89E1-3992D030A572}
		{C0F15248-9579-3042-A581-67485123016B} = {C0F15248-9579-3042-A581-67485123016B}
		{60D7A5BA-87EC-303B-B276-36BD2789DCB3} = {60D7A5BA-87EC-303B-B276-36BD2789DCB3}
		{1EC3A07B-2A4E-368B-B321-3BAA7CFE5B8D} = {1EC3A07B-2A4E-368B-B321-3BAA7CFE5B8D}
		{ABF72994-6B44-3679-851D-57B0EA987C8F} = {ABF72994-6B44-3679-851D-57B0EA987C8F}
		{04FB2FF8-DB41-31BE-9D86-D3D74ACA32FE} = {04FB2FF8-DB41-31BE-9D86-D3D74ACA32FE}
		{D8F4087A-1899-3059-8DFE-6DE91D1766CC} = {D8F4087A-1899-3059-8DFE-6DE91D1766CC}
	EndProjectSection
EndProject
Project("{2150E333-8FDC-42A3-9474-1A3956D46DE8}") = "components", "components", "{7E3A1493-014C-436A-8A0B-FD579ADA6531}"
EndProject
Project("{2150E333-8FDC-42A3-9474-1A3956D46DE8}") = "third-part", "third-part", "{DAD1DC0E-CD4D-4D50-944F-3345541043CC}"
EndProject
Project("{2150E333-8FDC-42A3-9474-1A3956D46DE8}") = "imgdecoder", "imgdecoder", "{E22EC8FD-71BB-4904-B623-F9C9A7E805BD}"
EndProject
Project("{2150E333-8FDC-42A3-9474-1A3956D46DE8}") = "render", "render", "{F1E33A5E-A347-40F8-A34A-5EB534D84C77}"
EndProject
Project("{8BC9CEB8-8B4A-11D0-8D11-00A0C91BC942}") = "gtest", "third-part\gtest\gtest.vcxproj", "{60F21962-729F-346A-ABFB-ED1B28E6BBCF}"
EndProject
Project("{8BC9CEB8-8B4A-11D0-8D11-00A0C91BC942}") = "7z", "third-part\7z\7z.vcxproj", "{6D85EC31-DE0F-3410-B49D-154D7CBE1B52}"
EndProject
Project("{8BC9CEB8-8B4A-11D0-8D11-00A0C91BC942}") = "resprovider-7zip", "components\resprovider-7zip\resprovider-7zip.vcxproj", "{ABF72994-6B44-3679-851D-57B0EA987C8F}"
	ProjectSection(ProjectDependencies) = postProject
		{E32973FF-62D7-3903-9739-595A269CE43B} = {E32973FF-62D7-3903-9739-595A269CE43B}
		{6D85EC31-DE0F-3410-B49D-154D7CBE1B52} = {6D85EC31-DE0F-3410-B49D-154D7CBE1B52}
	EndProjectSection
EndProject
Project("{8BC9CEB8-8B4A-11D0-8D11-00A0C91BC942}") = "soui-sys-resource", "soui-sys-resource\soui-sys-resource.vcxproj", "{88565D27-A5B1-3A02-8F53-0EEC30B9CF28}"
EndProject
Project("{8BC9CEB8-8B4A-11D0-8D11-00A0C91BC942}") = "scintilla", "third-part\Scintilla\scintilla.vcxproj", "{5EC2BA1A-D954-38BF-9B61-EDE4D4A12F39}"
EndProject
Project("{8BC9CEB8-8B4A-11D0-8D11-00A0C91BC942}") = "jsoncpp", "third-part\jsoncpp\jsoncpp.vcxproj", "{95C1B2EC-F729-3467-A8A1-2D1B536B667A}"
EndProject
Project("{8BC9CEB8-8B4A-11D0-8D11-00A0C91BC942}") = "TaskLoop", "components\TaskLoop\TaskLoop.vcxproj", "{198EED87-0337-3E9D-8DAB-85C95297C5CE}"
EndProject
Global
	GlobalSection(SolutionConfigurationPlatforms) = preSolution
		Debug|Win32 = Debug|Win32
		Release|Win32 = Release|Win32
	EndGlobalSection
	GlobalSection(ProjectConfigurationPlatforms) = postSolution
		{9DE26127-6412-30A5-8268-58336586ADA2}.Debug|Win32.ActiveCfg = Debug|Win32
		{9DE26127-6412-30A5-8268-58336586ADA2}.Debug|Win32.Build.0 = Debug|Win32
		{9DE26127-6412-30A5-8268-58336586ADA2}.Release|Win32.ActiveCfg = Release|Win32
		{9DE26127-6412-30A5-8268-58336586ADA2}.Release|Win32.Build.0 = Release|Win32
		{757641DF-92E6-38D0-A386-20E177E42477}.Debug|Win32.ActiveCfg = Debug|Win32
		{757641DF-92E6-38D0-A386-20E177E42477}.Debug|Win32.Build.0 = Debug|Win32
		{757641DF-92E6-38D0-A386-20E177E42477}.Release|Win32.ActiveCfg = Release|Win32
		{757641DF-92E6-38D0-A386-20E177E42477}.Release|Win32.Build.0 = Release|Win32
		{A965D178-5DBB-3227-B335-789C3AE55439}.Debug|Win32.ActiveCfg = Debug|Win32
		{A965D178-5DBB-3227-B335-789C3AE55439}.Debug|Win32.Build.0 = Debug|Win32
		{A965D178-5DBB-3227-B335-789C3AE55439}.Release|Win32.ActiveCfg = Release|Win32
		{A965D178-5DBB-3227-B335-789C3AE55439}.Release|Win32.Build.0 = Release|Win32
		{F50F0CA1-A765-338C-B4F3-E677A07577A1}.Debug|Win32.ActiveCfg = Debug|Win32
		{F50F0CA1-A765-338C-B4F3-E677A07577A1}.Debug|Win32.Build.0 = Debug|Win32
		{F50F0CA1-A765-338C-B4F3-E677A07577A1}.Release|Win32.ActiveCfg = Release|Win32
		{F50F0CA1-A765-338C-B4F3-E677A07577A1}.Release|Win32.Build.0 = Release|Win32
		{1C1F85F5-2239-35EE-B0D1-9BA9E39CF456}.Debug|Win32.ActiveCfg = Debug|Win32
		{1C1F85F5-2239-35EE-B0D1-9BA9E39CF456}.Debug|Win32.Build.0 = Debug|Win32
		{1C1F85F5-2239-35EE-B0D1-9BA9E39CF456}.Release|Win32.ActiveCfg = Release|Win32
		{1C1F85F5-2239-35EE-B0D1-9BA9E39CF456}.Release|Win32.Build.0 = Release|Win32
		{C4AE25FB-C917-3709-A1D6-8E255301FCA3}.Debug|Win32.ActiveCfg = Debug|Win32
		{C4AE25FB-C917-3709-A1D6-8E255301FCA3}.Debug|Win32.Build.0 = Debug|Win32
		{C4AE25FB-C917-3709-A1D6-8E255301FCA3}.Release|Win32.ActiveCfg = Release|Win32
		{C4AE25FB-C917-3709-A1D6-8E255301FCA3}.Release|Win32.Build.0 = Release|Win32
		{E32973FF-62D7-3903-9739-595A269CE43B}.Debug|Win32.ActiveCfg = Debug|Win32
		{E32973FF-62D7-3903-9739-595A269CE43B}.Debug|Win32.Build.0 = Debug|Win32
		{E32973FF-62D7-3903-9739-595A269CE43B}.Release|Win32.ActiveCfg = Release|Win32
		{E32973FF-62D7-3903-9739-595A269CE43B}.Release|Win32.Build.0 = Release|Win32
		{C18FD3C8-5C22-3BF1-B96F-21D571D11A61}.Debug|Win32.ActiveCfg = Debug|Win32
		{C18FD3C8-5C22-3BF1-B96F-21D571D11A61}.Debug|Win32.Build.0 = Debug|Win32
		{C18FD3C8-5C22-3BF1-B96F-21D571D11A61}.Release|Win32.ActiveCfg = Release|Win32
		{C18FD3C8-5C22-3BF1-B96F-21D571D11A61}.Release|Win32.Build.0 = Release|Win32
		{71CBA080-8E3D-312E-B9F9-5870F4B2FC90}.Debug|Win32.ActiveCfg = Debug|Win32
		{71CBA080-8E3D-312E-B9F9-5870F4B2FC90}.Debug|Win32.Build.0 = Debug|Win32
		{71CBA080-8E3D-312E-B9F9-5870F4B2FC90}.Release|Win32.ActiveCfg = Release|Win32
		{71CBA080-8E3D-312E-B9F9-5870F4B2FC90}.Release|Win32.Build.0 = Release|Win32
		{D8F4087A-1899-3059-8DFE-6DE91D1766CC}.Debug|Win32.ActiveCfg = Debug|Win32
		{D8F4087A-1899-3059-8DFE-6DE91D1766CC}.Debug|Win32.Build.0 = Debug|Win32
		{D8F4087A-1899-3059-8DFE-6DE91D1766CC}.Release|Win32.ActiveCfg = Release|Win32
		{D8F4087A-1899-3059-8DFE-6DE91D1766CC}.Release|Win32.Build.0 = Release|Win32
		{C0F15248-9579-3042-A581-67485123016B}.Debug|Win32.ActiveCfg = Debug|Win32
		{C0F15248-9579-3042-A581-67485123016B}.Debug|Win32.Build.0 = Debug|Win32
		{C0F15248-9579-3042-A581-67485123016B}.Release|Win32.ActiveCfg = Release|Win32
		{C0F15248-9579-3042-A581-67485123016B}.Release|Win32.Build.0 = Release|Win32
		{A40AF97C-CA75-3822-89E1-3992D030A572}.Debug|Win32.ActiveCfg = Debug|Win32
		{A40AF97C-CA75-3822-89E1-3992D030A572}.Debug|Win32.Build.0 = Debug|Win32
		{A40AF97C-CA75-3822-89E1-3992D030A572}.Release|Win32.ActiveCfg = Release|Win32
		{A40AF97C-CA75-3822-89E1-3992D030A572}.Release|Win32.Build.0 = Release|Win32
		{1EC3A07B-2A4E-368B-B321-3BAA7CFE5B8D}.Debug|Win32.ActiveCfg = Debug|Win32
		{1EC3A07B-2A4E-368B-B321-3BAA7CFE5B8D}.Debug|Win32.Build.0 = Debug|Win32
		{1EC3A07B-2A4E-368B-B321-3BAA7CFE5B8D}.Release|Win32.ActiveCfg = Release|Win32
		{1EC3A07B-2A4E-368B-B321-3BAA7CFE5B8D}.Release|Win32.Build.0 = Release|Win32
		{E67FEFCB-1EFF-39D2-BF62-1492DFDB6B5E}.Debug|Win32.ActiveCfg = Debug|Win32
		{E67FEFCB-1EFF-39D2-BF62-1492DFDB6B5E}.Debug|Win32.Build.0 = Debug|Win32
		{E67FEFCB-1EFF-39D2-BF62-1492DFDB6B5E}.Release|Win32.ActiveCfg = Release|Win32
		{E67FEFCB-1EFF-39D2-BF62-1492DFDB6B5E}.Release|Win32.Build.0 = Release|Win32
		{60D7A5BA-87EC-303B-B276-36BD2789DCB3}.Debug|Win32.ActiveCfg = Debug|Win32
		{60D7A5BA-87EC-303B-B276-36BD2789DCB3}.Debug|Win32.Build.0 = Debug|Win32
		{60D7A5BA-87EC-303B-B276-36BD2789DCB3}.Release|Win32.ActiveCfg = Release|Win32
		{60D7A5BA-87EC-303B-B276-36BD2789DCB3}.Release|Win32.Build.0 = Release|Win32
		{04FB2FF8-DB41-31BE-9D86-D3D74ACA32FE}.Debug|Win32.ActiveCfg = Debug|Win32
		{04FB2FF8-DB41-31BE-9D86-D3D74ACA32FE}.Debug|Win32.Build.0 = Debug|Win32
		{04FB2FF8-DB41-31BE-9D86-D3D74ACA32FE}.Release|Win32.ActiveCfg = Release|Win32
		{04FB2FF8-DB41-31BE-9D86-D3D74ACA32FE}.Release|Win32.Build.0 = Release|Win32
		{AEEFC3E1-62C2-30F7-9C0F-0D0CA89E3338}.Debug|Win32.ActiveCfg = Debug|Win32
		{AEEFC3E1-62C2-30F7-9C0F-0D0CA89E3338}.Debug|Win32.Build.0 = Debug|Win32
		{AEEFC3E1-62C2-30F7-9C0F-0D0CA89E3338}.Release|Win32.ActiveCfg = Release|Win32
		{AEEFC3E1-62C2-30F7-9C0F-0D0CA89E3338}.Release|Win32.Build.0 = Release|Win32
		{3FC1464D-EB84-34A5-826E-C324A63B2D05}.Debug|Win32.ActiveCfg = Debug|Win32
		{3FC1464D-EB84-34A5-826E-C324A63B2D05}.Debug|Win32.Build.0 = Debug|Win32
		{3FC1464D-EB84-34A5-826E-C324A63B2D05}.Release|Win32.ActiveCfg = Release|Win32
		{3FC1464D-EB84-34A5-826E-C324A63B2D05}.Release|Win32.Build.0 = Release|Win32
		{0DEE2DCB-0EDF-3173-AE4D-2E59431AC6DF}.Debug|Win32.ActiveCfg = Debug|Win32
		{0DEE2DCB-0EDF-3173-AE4D-2E59431AC6DF}.Debug|Win32.Build.0 = Debug|Win32
		{0DEE2DCB-0EDF-3173-AE4D-2E59431AC6DF}.Release|Win32.ActiveCfg = Release|Win32
		{0DEE2DCB-0EDF-3173-AE4D-2E59431AC6DF}.Release|Win32.Build.0 = Release|Win32
		{60F21962-729F-346A-ABFB-ED1B28E6BBCF}.Debug|Win32.ActiveCfg = Debug|Win32
		{60F21962-729F-346A-ABFB-ED1B28E6BBCF}.Debug|Win32.Build.0 = Debug|Win32
		{60F21962-729F-346A-ABFB-ED1B28E6BBCF}.Release|Win32.ActiveCfg = Release|Win32
		{60F21962-729F-346A-ABFB-ED1B28E6BBCF}.Release|Win32.Build.0 = Release|Win32
		{6D85EC31-DE0F-3410-B49D-154D7CBE1B52}.Debug|Win32.ActiveCfg = Debug|Win32
		{6D85EC31-DE0F-3410-B49D-154D7CBE1B52}.Debug|Win32.Build.0 = Debug|Win32
		{6D85EC31-DE0F-3410-B49D-154D7CBE1B52}.Release|Win32.ActiveCfg = Release|Win32
		{6D85EC31-DE0F-3410-B49D-154D7CBE1B52}.Release|Win32.Build.0 = Release|Win32
		{ABF72994-6B44-3679-851D-57B0EA987C8F}.Debug|Win32.ActiveCfg = Debug|Win32
		{ABF72994-6B44-3679-851D-57B0EA987C8F}.Debug|Win32.Build.0 = Debug|Win32
		{ABF72994-6B44-3679-851D-57B0EA987C8F}.Release|Win32.ActiveCfg = Release|Win32
		{ABF72994-6B44-3679-851D-57B0EA987C8F}.Release|Win32.Build.0 = Release|Win32
		{88565D27-A5B1-3A02-8F53-0EEC30B9CF28}.Debug|Win32.ActiveCfg = Debug|Win32
		{88565D27-A5B1-3A02-8F53-0EEC30B9CF28}.Debug|Win32.Build.0 = Debug|Win32
		{88565D27-A5B1-3A02-8F53-0EEC30B9CF28}.Release|Win32.ActiveCfg = Release|Win32
		{88565D27-A5B1-3A02-8F53-0EEC30B9CF28}.Release|Win32.Build.0 = Release|Win32
		{5EC2BA1A-D954-38BF-9B61-EDE4D4A12F39}.Debug|Win32.ActiveCfg = Debug|Win32
		{5EC2BA1A-D954-38BF-9B61-EDE4D4A12F39}.Debug|Win32.Build.0 = Debug|Win32
		{5EC2BA1A-D954-38BF-9B61-EDE4D4A12F39}.Release|Win32.ActiveCfg = Release|Win32
		{5EC2BA1A-D954-38BF-9B61-EDE4D4A12F39}.Release|Win32.Build.0 = Release|Win32
		{95C1B2EC-F729-3467-A8A1-2D1B536B667A}.Debug|Win32.ActiveCfg = Debug|Win32
		{95C1B2EC-F729-3467-A8A1-2D1B536B667A}.Debug|Win32.Build.0 = Debug|Win32
		{95C1B2EC-F729-3467-A8A1-2D1B536B667A}.Release|Win32.ActiveCfg = Release|Win32
		{95C1B2EC-F729-3467-A8A1-2D1B536B667A}.Release|Win32.Build.0 = Release|Win32
		{198EED87-0337-3E9D-8DAB-85C95297C5CE}.Debug|Win32.ActiveCfg = Debug|Win32
		{198EED87-0337-3E9D-8DAB-85C95297C5CE}.Debug|Win32.Build.0 = Debug|Win32
		{198EED87-0337-3E9D-8DAB-85C95297C5CE}.Release|Win32.ActiveCfg = Release|Win32
		{198EED87-0337-3E9D-8DAB-85C95297C5CE}.Release|Win32.Build.0 = Release|Win32
	EndGlobalSection
	GlobalSection(SolutionProperties) = preSolution
		HideSolutionNode = FALSE
	EndGlobalSection
	GlobalSection(NestedProjects) = preSolution
		{757641DF-92E6-38D0-A386-20E177E42477} = {DAD1DC0E-CD4D-4D50-944F-3345541043CC}
		{A965D178-5DBB-3227-B335-789C3AE55439} = {DAD1DC0E-CD4D-4D50-944F-3345541043CC}
		{F50F0CA1-A765-338C-B4F3-E677A07577A1} = {DAD1DC0E-CD4D-4D50-944F-3345541043CC}
		{1C1F85F5-2239-35EE-B0D1-9BA9E39CF456} = {DAD1DC0E-CD4D-4D50-944F-3345541043CC}
		{C4AE25FB-C917-3709-A1D6-8E255301FCA3} = {DAD1DC0E-CD4D-4D50-944F-3345541043CC}
		{9DE26127-6412-30A5-8268-58336586ADA2} = {DAD1DC0E-CD4D-4D50-944F-3345541043CC}
		{60F21962-729F-346A-ABFB-ED1B28E6BBCF} = {DAD1DC0E-CD4D-4D50-944F-3345541043CC}
		{6D85EC31-DE0F-3410-B49D-154D7CBE1B52} = {DAD1DC0E-CD4D-4D50-944F-3345541043CC}
		{5EC2BA1A-D954-38BF-9B61-EDE4D4A12F39} = {DAD1DC0E-CD4D-4D50-944F-3345541043CC}
		{95C1B2EC-F729-3467-A8A1-2D1B536B667A} = {DAD1DC0E-CD4D-4D50-944F-3345541043CC}
		{F1E33A5E-A347-40F8-A34A-5EB534D84C77} = {7E3A1493-014C-436A-8A0B-FD579ADA6531}
		{A40AF97C-CA75-3822-89E1-3992D030A572} = {7E3A1493-014C-436A-8A0B-FD579ADA6531}
		{1EC3A07B-2A4E-368B-B321-3BAA7CFE5B8D} = {7E3A1493-014C-436A-8A0B-FD579ADA6531}
		{E22EC8FD-71BB-4904-B623-F9C9A7E805BD} = {7E3A1493-014C-436A-8A0B-FD579ADA6531}
		{AEEFC3E1-62C2-30F7-9C0F-0D0CA89E3338} = {7E3A1493-014C-436A-8A0B-FD579ADA6531}
		{3FC1464D-EB84-34A5-826E-C324A63B2D05} = {7E3A1493-014C-436A-8A0B-FD579ADA6531}
		{ABF72994-6B44-3679-851D-57B0EA987C8F} = {7E3A1493-014C-436A-8A0B-FD579ADA6531}
		{198EED87-0337-3E9D-8DAB-85C95297C5CE} = {7E3A1493-014C-436A-8A0B-FD579ADA6531}
		{C0F15248-9579-3042-A581-67485123016B} = {F1E33A5E-A347-40F8-A34A-5EB534D84C77}
		{D8F4087A-1899-3059-8DFE-6DE91D1766CC} = {F1E33A5E-A347-40F8-A34A-5EB534D84C77}
		{60D7A5BA-87EC-303B-B276-36BD2789DCB3} = {E22EC8FD-71BB-4904-B623-F9C9A7E805BD}
		{04FB2FF8-DB41-31BE-9D86-D3D74ACA32FE} = {E22EC8FD-71BB-4904-B623-F9C9A7E805BD}
		{71CBA080-8E3D-312E-B9F9-5870F4B2FC90} = {E22EC8FD-71BB-4904-B623-F9C9A7E805BD}
		{E67FEFCB-1EFF-39D2-BF62-1492DFDB6B5E} = {E22EC8FD-71BB-4904-B623-F9C9A7E805BD}
	EndGlobalSection
EndGlobal
