Microsoft Visual Studio Solution File, Format Version 12.00
# Visual Studio 2013
Project("{8BC9CEB8-8B4A-11D0-8D11-00A0C91BC942}") = "gtest", "F:/Workspaces/GitHub/soui-local/third-part/gtest\gtest.vcxproj", "{DBE52ECB-1632-3690-9EC7-4148F2CEF3EC}"
EndProject
Project("{8BC9CEB8-8B4A-11D0-8D11-00A0C91BC942}") = "png", "F:/Workspaces/GitHub/soui-local/third-part/png\png.vcxproj", "{3F8DDE35-08D4-3B31-B932-8B3DAEBCB9E8}"
EndProject
Project("{8BC9CEB8-8B4A-11D0-8D11-00A0C91BC942}") = "skia", "F:/Workspaces/GitHub/soui-local/third-part/skia\skia.vcxproj", "{F763A887-31EF-332B-AFEA-04DD43622BFD}"
EndProject
Project("{8BC9CEB8-8B4A-11D0-8D11-00A0C91BC942}") = "zlib", "F:/Workspaces/GitHub/soui-local/third-part/zlib\zlib.vcxproj", "{2016D1D3-1224-3A24-B577-F9FB8E968A74}"
EndProject
Project("{8BC9CEB8-8B4A-11D0-8D11-00A0C91BC942}") = "lua-52", "F:/Workspaces/GitHub/soui-local/third-part/lua-52\lua-52.vcxproj", "{18DB6402-F54C-3951-979E-A64857FC9948}"
EndProject
Project("{8BC9CEB8-8B4A-11D0-8D11-00A0C91BC942}") = "smiley", "F:/Workspaces/GitHub/soui-local/third-part/smiley\smiley.vcxproj", "{294D7EA5-B040-3805-9815-20AEB9ABADFC}"
EndProject
Project("{8BC9CEB8-8B4A-11D0-8D11-00A0C91BC942}") = "mhook", "F:/Workspaces/GitHub/soui-local/third-part/mhook\mhook.vcxproj", "{E7C4F2A4-E52B-372A-83FC-CF672EF70276}"
EndProject
Project("{8BC9CEB8-8B4A-11D0-8D11-00A0C91BC942}") = "7z", "F:/Workspaces/GitHub/soui-local/third-part/7z\7z.vcxproj", "{B0EE68E2-C684-33A6-A6F4-C751BC61CB5F}"
EndProject
Project("{8BC9CEB8-8B4A-11D0-8D11-00A0C91BC942}") = "scintilla", "F:/Workspaces/GitHub/soui-local/third-part/scintilla\scintilla.vcxproj", "{F8379A8B-76AF-3F6D-9F5E-4FB37EA71A0A}"
EndProject
Project("{8BC9CEB8-8B4A-11D0-8D11-00A0C91BC942}") = "sqlite3", "F:/Workspaces/GitHub/soui-local/third-part/sqlite3\sqlite3.vcxproj", "{35CDDF7C-0FE4-3349-8D1A-75080C8043C7}"
EndProject
Project("{8BC9CEB8-8B4A-11D0-8D11-00A0C91BC942}") = "jsoncpp", "F:/Workspaces/GitHub/soui-local/third-part/jsoncpp\jsoncpp.vcxproj", "{DF09706A-0C91-3E00-965A-56A9B4A16E2C}"
EndProject
Project("{8BC9CEB8-8B4A-11D0-8D11-00A0C91BC942}") = "utilities", "F:/Workspaces/GitHub/soui-local/utilities\utilities.vcxproj", "{FB426CD4-AFBC-3B9C-97CE-5FEF366AA560}"
EndProject
Project("{8BC9CEB8-8B4A-11D0-8D11-00A0C91BC942}") = "soui-sys-resource", "F:/Workspaces/GitHub/soui-local/soui-sys-resource\soui-sys-resource.vcxproj", "{6F2746CD-4E3F-35EE-B972-B530B362C575}"
EndProject
Project("{8BC9CEB8-8B4A-11D0-8D11-00A0C91BC942}") = "soui", "F:/Workspaces/GitHub/soui-local/soui\soui.vcxproj", "{04FBA5DA-40F1-3D5E-A7AF-AA9A05D54F8B}"
	ProjectSection(ProjectDependencies) = postProject
		{FB426CD4-AFBC-3B9C-97CE-5FEF366AA560} = {FB426CD4-AFBC-3B9C-97CE-5FEF366AA560}
		{6F2746CD-4E3F-35EE-B972-B530B362C575} = {6F2746CD-4E3F-35EE-B972-B530B362C575}
		{FB426CD4-AFBC-3B9C-97CE-5FEF366AA560} = {FB426CD4-AFBC-3B9C-97CE-5FEF366AA560}
	EndProjectSection
EndProject
Project("{8BC9CEB8-8B4A-11D0-8D11-00A0C91BC942}") = "imgdecoder-wic", "F:/Workspaces/GitHub/soui-local/components/imgdecoder-wic\imgdecoder-wic.vcxproj", "{A3E4E1D3-D4CB-351C-A7E2-DFDDEAD9E1D2}"
EndProject
Project("{8BC9CEB8-8B4A-11D0-8D11-00A0C91BC942}") = "render-gdi", "F:/Workspaces/GitHub/soui-local/components/render-gdi\render-gdi.vcxproj", "{EDD2A11C-3F1F-3C15-BF2D-85F010111782}"
	ProjectSection(ProjectDependencies) = postProject
		{FB426CD4-AFBC-3B9C-97CE-5FEF366AA560} = {FB426CD4-AFBC-3B9C-97CE-5FEF366AA560}
	EndProjectSection
EndProject
Project("{8BC9CEB8-8B4A-11D0-8D11-00A0C91BC942}") = "render-skia", "F:/Workspaces/GitHub/soui-local/components/render-skia\render-skia.vcxproj", "{BC229D21-2A7F-362C-8522-EDE1842617AD}"
	ProjectSection(ProjectDependencies) = postProject
		{F763A887-31EF-332B-AFEA-04DD43622BFD} = {F763A887-31EF-332B-AFEA-04DD43622BFD}
		{FB426CD4-AFBC-3B9C-97CE-5FEF366AA560} = {FB426CD4-AFBC-3B9C-97CE-5FEF366AA560}
		{F763A887-31EF-332B-AFEA-04DD43622BFD} = {F763A887-31EF-332B-AFEA-04DD43622BFD}
	EndProjectSection
EndProject
Project("{8BC9CEB8-8B4A-11D0-8D11-00A0C91BC942}") = "translator", "F:/Workspaces/GitHub/soui-local/components/translator\translator.vcxproj", "{F475EDD3-F374-3932-97D0-D2005A2F209C}"
	ProjectSection(ProjectDependencies) = postProject
		{FB426CD4-AFBC-3B9C-97CE-5FEF366AA560} = {FB426CD4-AFBC-3B9C-97CE-5FEF366AA560}
		{FB426CD4-AFBC-3B9C-97CE-5FEF366AA560} = {FB426CD4-AFBC-3B9C-97CE-5FEF366AA560}
	EndProjectSection
EndProject
Project("{8BC9CEB8-8B4A-11D0-8D11-00A0C91BC942}") = "resprovider-zip", "F:/Workspaces/GitHub/soui-local/components/resprovider-zip\resprovider-zip.vcxproj", "{ED8B55C1-7958-3654-AFEC-F81E6F85E49C}"
	ProjectSection(ProjectDependencies) = postProject
		{2016D1D3-1224-3A24-B577-F9FB8E968A74} = {2016D1D3-1224-3A24-B577-F9FB8E968A74}
		{FB426CD4-AFBC-3B9C-97CE-5FEF366AA560} = {FB426CD4-AFBC-3B9C-97CE-5FEF366AA560}
		{2016D1D3-1224-3A24-B577-F9FB8E968A74} = {2016D1D3-1224-3A24-B577-F9FB8E968A74}
		{FB426CD4-AFBC-3B9C-97CE-5FEF366AA560} = {FB426CD4-AFBC-3B9C-97CE-5FEF366AA560}
	EndProjectSection
EndProject
Project("{8BC9CEB8-8B4A-11D0-8D11-00A0C91BC942}") = "imgdecoder-stb", "F:/Workspaces/GitHub/soui-local/components/imgdecoder-stb\imgdecoder-stb.vcxproj", "{7B7BC147-5B5C-3525-86D4-B0EE27FB51CE}"
EndProject
Project("{8BC9CEB8-8B4A-11D0-8D11-00A0C91BC942}") = "imgdecoder-png", "F:/Workspaces/GitHub/soui-local/components/imgdecoder-png\imgdecoder-png.vcxproj", "{A71A5C2F-9F2D-376F-B48E-DA96F955911E}"
	ProjectSection(ProjectDependencies) = postProject
		{2016D1D3-1224-3A24-B577-F9FB8E968A74} = {2016D1D3-1224-3A24-B577-F9FB8E968A74}
		{3F8DDE35-08D4-3B31-B932-8B3DAEBCB9E8} = {3F8DDE35-08D4-3B31-B932-8B3DAEBCB9E8}
		{2016D1D3-1224-3A24-B577-F9FB8E968A74} = {2016D1D3-1224-3A24-B577-F9FB8E968A74}
		{3F8DDE35-08D4-3B31-B932-8B3DAEBCB9E8} = {3F8DDE35-08D4-3B31-B932-8B3DAEBCB9E8}
	EndProjectSection
EndProject
Project("{8BC9CEB8-8B4A-11D0-8D11-00A0C91BC942}") = "imgdecoder-gdip", "F:/Workspaces/GitHub/soui-local/components/imgdecoder-gdip\imgdecoder-gdip.vcxproj", "{A1314BD4-24A4-3FAA-8DE9-EC80D39A7890}"
EndProject
Project("{8BC9CEB8-8B4A-11D0-8D11-00A0C91BC942}") = "scriptmodule-lua", "F:/Workspaces/GitHub/soui-local/components/ScriptModule-LUA\scriptmodule-lua.vcxproj", "{A66F3F32-188A-38C4-A71F-1FAFD1AE77AB}"
	ProjectSection(ProjectDependencies) = postProject
		{04FBA5DA-40F1-3D5E-A7AF-AA9A05D54F8B} = {04FBA5DA-40F1-3D5E-A7AF-AA9A05D54F8B}
		{18DB6402-F54C-3951-979E-A64857FC9948} = {18DB6402-F54C-3951-979E-A64857FC9948}
		{18DB6402-F54C-3951-979E-A64857FC9948} = {18DB6402-F54C-3951-979E-A64857FC9948}
		{04FBA5DA-40F1-3D5E-A7AF-AA9A05D54F8B} = {04FBA5DA-40F1-3D5E-A7AF-AA9A05D54F8B}
		{FB426CD4-AFBC-3B9C-97CE-5FEF366AA560} = {FB426CD4-AFBC-3B9C-97CE-5FEF366AA560}
	EndProjectSection
EndProject
Project("{8BC9CEB8-8B4A-11D0-8D11-00A0C91BC942}") = "log4z", "F:/Workspaces/GitHub/soui-local/components/log4z\log4z.vcxproj", "{F9733CF0-C9E0-38CD-81F9-AE1AB0B71272}"
EndProject
Project("{8BC9CEB8-8B4A-11D0-8D11-00A0C91BC942}") = "resprovider-7zip", "F:/Workspaces/GitHub/soui-local/components/resprovider-7zip\resprovider-7zip.vcxproj", "{A36B181A-1ABB-305D-9D32-B289652D1172}"
	ProjectSection(ProjectDependencies) = postProject
		{B0EE68E2-C684-33A6-A6F4-C751BC61CB5F} = {B0EE68E2-C684-33A6-A6F4-C751BC61CB5F}
		{FB426CD4-AFBC-3B9C-97CE-5FEF366AA560} = {FB426CD4-AFBC-3B9C-97CE-5FEF366AA560}
		{B0EE68E2-C684-33A6-A6F4-C751BC61CB5F} = {B0EE68E2-C684-33A6-A6F4-C751BC61CB5F}
		{FB426CD4-AFBC-3B9C-97CE-5FEF366AA560} = {FB426CD4-AFBC-3B9C-97CE-5FEF366AA560}
	EndProjectSection
EndProject
Project("{8BC9CEB8-8B4A-11D0-8D11-00A0C91BC942}") = "TaskLoop", "F:/Workspaces/GitHub/soui-local/components/TaskLoop\TaskLoop.vcxproj", "{455E3704-BD0D-36F5-A801-567EFBC1F830}"
	ProjectSection(ProjectDependencies) = postProject
		{FB426CD4-AFBC-3B9C-97CE-5FEF366AA560} = {FB426CD4-AFBC-3B9C-97CE-5FEF366AA560}
		{FB426CD4-AFBC-3B9C-97CE-5FEF366AA560} = {FB426CD4-AFBC-3B9C-97CE-5FEF366AA560}
	EndProjectSection
EndProject
Project("{8BC9CEB8-8B4A-11D0-8D11-00A0C91BC942}") = "demo", "F:/Workspaces/GitHub/soui-local/demo\demo.vcxproj", "{2725744D-9C7F-30B9-996C-0EE8A0609996}"
	ProjectSection(ProjectDependencies) = postProject
		{04FBA5DA-40F1-3D5E-A7AF-AA9A05D54F8B} = {04FBA5DA-40F1-3D5E-A7AF-AA9A05D54F8B}
		{FB426CD4-AFBC-3B9C-97CE-5FEF366AA560} = {FB426CD4-AFBC-3B9C-97CE-5FEF366AA560}
		{04FBA5DA-40F1-3D5E-A7AF-AA9A05D54F8B} = {04FBA5DA-40F1-3D5E-A7AF-AA9A05D54F8B}
		{E7C4F2A4-E52B-372A-83FC-CF672EF70276} = {E7C4F2A4-E52B-372A-83FC-CF672EF70276}
		{294D7EA5-B040-3805-9815-20AEB9ABADFC} = {294D7EA5-B040-3805-9815-20AEB9ABADFC}
	EndProjectSection
EndProject
Global
	GlobalSection(SolutionConfigurationPlatforms) = preSolution
		Debug|Win32 = Debug|Win32
		Release|Win32 = Release|Win32
	EndGlobalSection
	GlobalSection(ProjectConfigurationPlatforms) = postSolution
		{DBE52ECB-1632-3690-9EC7-4148F2CEF3EC}.Debug|Win32.ActiveCfg = Debug|Win32
		{DBE52ECB-1632-3690-9EC7-4148F2CEF3EC}.Debug|Win32.Build.0 = Debug|Win32
		{DBE52ECB-1632-3690-9EC7-4148F2CEF3EC}.Release|Win32.ActiveCfg = Release|Win32
		{DBE52ECB-1632-3690-9EC7-4148F2CEF3EC}.Release|Win32.Build.0 = Release|Win32
		{3F8DDE35-08D4-3B31-B932-8B3DAEBCB9E8}.Debug|Win32.ActiveCfg = Debug|Win32
		{3F8DDE35-08D4-3B31-B932-8B3DAEBCB9E8}.Debug|Win32.Build.0 = Debug|Win32
		{3F8DDE35-08D4-3B31-B932-8B3DAEBCB9E8}.Release|Win32.ActiveCfg = Release|Win32
		{3F8DDE35-08D4-3B31-B932-8B3DAEBCB9E8}.Release|Win32.Build.0 = Release|Win32
		{F763A887-31EF-332B-AFEA-04DD43622BFD}.Debug|Win32.ActiveCfg = Debug|Win32
		{F763A887-31EF-332B-AFEA-04DD43622BFD}.Debug|Win32.Build.0 = Debug|Win32
		{F763A887-31EF-332B-AFEA-04DD43622BFD}.Release|Win32.ActiveCfg = Release|Win32
		{F763A887-31EF-332B-AFEA-04DD43622BFD}.Release|Win32.Build.0 = Release|Win32
		{2016D1D3-1224-3A24-B577-F9FB8E968A74}.Debug|Win32.ActiveCfg = Debug|Win32
		{2016D1D3-1224-3A24-B577-F9FB8E968A74}.Debug|Win32.Build.0 = Debug|Win32
		{2016D1D3-1224-3A24-B577-F9FB8E968A74}.Release|Win32.ActiveCfg = Release|Win32
		{2016D1D3-1224-3A24-B577-F9FB8E968A74}.Release|Win32.Build.0 = Release|Win32
		{18DB6402-F54C-3951-979E-A64857FC9948}.Debug|Win32.ActiveCfg = Debug|Win32
		{18DB6402-F54C-3951-979E-A64857FC9948}.Debug|Win32.Build.0 = Debug|Win32
		{18DB6402-F54C-3951-979E-A64857FC9948}.Release|Win32.ActiveCfg = Release|Win32
		{18DB6402-F54C-3951-979E-A64857FC9948}.Release|Win32.Build.0 = Release|Win32
		{294D7EA5-B040-3805-9815-20AEB9ABADFC}.Debug|Win32.ActiveCfg = Debug|Win32
		{294D7EA5-B040-3805-9815-20AEB9ABADFC}.Debug|Win32.Build.0 = Debug|Win32
		{294D7EA5-B040-3805-9815-20AEB9ABADFC}.Release|Win32.ActiveCfg = Release|Win32
		{294D7EA5-B040-3805-9815-20AEB9ABADFC}.Release|Win32.Build.0 = Release|Win32
		{E7C4F2A4-E52B-372A-83FC-CF672EF70276}.Debug|Win32.ActiveCfg = Debug|Win32
		{E7C4F2A4-E52B-372A-83FC-CF672EF70276}.Debug|Win32.Build.0 = Debug|Win32
		{E7C4F2A4-E52B-372A-83FC-CF672EF70276}.Release|Win32.ActiveCfg = Release|Win32
		{E7C4F2A4-E52B-372A-83FC-CF672EF70276}.Release|Win32.Build.0 = Release|Win32
		{B0EE68E2-C684-33A6-A6F4-C751BC61CB5F}.Debug|Win32.ActiveCfg = Debug|Win32
		{B0EE68E2-C684-33A6-A6F4-C751BC61CB5F}.Debug|Win32.Build.0 = Debug|Win32
		{B0EE68E2-C684-33A6-A6F4-C751BC61CB5F}.Release|Win32.ActiveCfg = Release|Win32
		{B0EE68E2-C684-33A6-A6F4-C751BC61CB5F}.Release|Win32.Build.0 = Release|Win32
		{F8379A8B-76AF-3F6D-9F5E-4FB37EA71A0A}.Debug|Win32.ActiveCfg = Debug|Win32
		{F8379A8B-76AF-3F6D-9F5E-4FB37EA71A0A}.Debug|Win32.Build.0 = Debug|Win32
		{F8379A8B-76AF-3F6D-9F5E-4FB37EA71A0A}.Release|Win32.ActiveCfg = Release|Win32
		{F8379A8B-76AF-3F6D-9F5E-4FB37EA71A0A}.Release|Win32.Build.0 = Release|Win32
		{35CDDF7C-0FE4-3349-8D1A-75080C8043C7}.Debug|Win32.ActiveCfg = Debug|Win32
		{35CDDF7C-0FE4-3349-8D1A-75080C8043C7}.Debug|Win32.Build.0 = Debug|Win32
		{35CDDF7C-0FE4-3349-8D1A-75080C8043C7}.Release|Win32.ActiveCfg = Release|Win32
		{35CDDF7C-0FE4-3349-8D1A-75080C8043C7}.Release|Win32.Build.0 = Release|Win32
		{DF09706A-0C91-3E00-965A-56A9B4A16E2C}.Debug|Win32.ActiveCfg = Debug|Win32
		{DF09706A-0C91-3E00-965A-56A9B4A16E2C}.Debug|Win32.Build.0 = Debug|Win32
		{DF09706A-0C91-3E00-965A-56A9B4A16E2C}.Release|Win32.ActiveCfg = Release|Win32
		{DF09706A-0C91-3E00-965A-56A9B4A16E2C}.Release|Win32.Build.0 = Release|Win32
		{FB426CD4-AFBC-3B9C-97CE-5FEF366AA560}.Debug|Win32.ActiveCfg = Debug|Win32
		{FB426CD4-AFBC-3B9C-97CE-5FEF366AA560}.Debug|Win32.Build.0 = Debug|Win32
		{FB426CD4-AFBC-3B9C-97CE-5FEF366AA560}.Release|Win32.ActiveCfg = Release|Win32
		{FB426CD4-AFBC-3B9C-97CE-5FEF366AA560}.Release|Win32.Build.0 = Release|Win32
		{6F2746CD-4E3F-35EE-B972-B530B362C575}.Debug|Win32.ActiveCfg = Debug|Win32
		{6F2746CD-4E3F-35EE-B972-B530B362C575}.Debug|Win32.Build.0 = Debug|Win32
		{6F2746CD-4E3F-35EE-B972-B530B362C575}.Release|Win32.ActiveCfg = Release|Win32
		{6F2746CD-4E3F-35EE-B972-B530B362C575}.Release|Win32.Build.0 = Release|Win32
		{04FBA5DA-40F1-3D5E-A7AF-AA9A05D54F8B}.Debug|Win32.ActiveCfg = Debug|Win32
		{04FBA5DA-40F1-3D5E-A7AF-AA9A05D54F8B}.Debug|Win32.Build.0 = Debug|Win32
		{04FBA5DA-40F1-3D5E-A7AF-AA9A05D54F8B}.Release|Win32.ActiveCfg = Release|Win32
		{04FBA5DA-40F1-3D5E-A7AF-AA9A05D54F8B}.Release|Win32.Build.0 = Release|Win32
		{A3E4E1D3-D4CB-351C-A7E2-DFDDEAD9E1D2}.Debug|Win32.ActiveCfg = Debug|Win32
		{A3E4E1D3-D4CB-351C-A7E2-DFDDEAD9E1D2}.Debug|Win32.Build.0 = Debug|Win32
		{A3E4E1D3-D4CB-351C-A7E2-DFDDEAD9E1D2}.Release|Win32.ActiveCfg = Release|Win32
		{A3E4E1D3-D4CB-351C-A7E2-DFDDEAD9E1D2}.Release|Win32.Build.0 = Release|Win32
		{EDD2A11C-3F1F-3C15-BF2D-85F010111782}.Debug|Win32.ActiveCfg = Debug|Win32
		{EDD2A11C-3F1F-3C15-BF2D-85F010111782}.Debug|Win32.Build.0 = Debug|Win32
		{EDD2A11C-3F1F-3C15-BF2D-85F010111782}.Release|Win32.ActiveCfg = Release|Win32
		{EDD2A11C-3F1F-3C15-BF2D-85F010111782}.Release|Win32.Build.0 = Release|Win32
		{BC229D21-2A7F-362C-8522-EDE1842617AD}.Debug|Win32.ActiveCfg = Debug|Win32
		{BC229D21-2A7F-362C-8522-EDE1842617AD}.Debug|Win32.Build.0 = Debug|Win32
		{BC229D21-2A7F-362C-8522-EDE1842617AD}.Release|Win32.ActiveCfg = Release|Win32
		{BC229D21-2A7F-362C-8522-EDE1842617AD}.Release|Win32.Build.0 = Release|Win32
		{F475EDD3-F374-3932-97D0-D2005A2F209C}.Debug|Win32.ActiveCfg = Debug|Win32
		{F475EDD3-F374-3932-97D0-D2005A2F209C}.Debug|Win32.Build.0 = Debug|Win32
		{F475EDD3-F374-3932-97D0-D2005A2F209C}.Release|Win32.ActiveCfg = Release|Win32
		{F475EDD3-F374-3932-97D0-D2005A2F209C}.Release|Win32.Build.0 = Release|Win32
		{ED8B55C1-7958-3654-AFEC-F81E6F85E49C}.Debug|Win32.ActiveCfg = Debug|Win32
		{ED8B55C1-7958-3654-AFEC-F81E6F85E49C}.Debug|Win32.Build.0 = Debug|Win32
		{ED8B55C1-7958-3654-AFEC-F81E6F85E49C}.Release|Win32.ActiveCfg = Release|Win32
		{ED8B55C1-7958-3654-AFEC-F81E6F85E49C}.Release|Win32.Build.0 = Release|Win32
		{7B7BC147-5B5C-3525-86D4-B0EE27FB51CE}.Debug|Win32.ActiveCfg = Debug|Win32
		{7B7BC147-5B5C-3525-86D4-B0EE27FB51CE}.Debug|Win32.Build.0 = Debug|Win32
		{7B7BC147-5B5C-3525-86D4-B0EE27FB51CE}.Release|Win32.ActiveCfg = Release|Win32
		{7B7BC147-5B5C-3525-86D4-B0EE27FB51CE}.Release|Win32.Build.0 = Release|Win32
		{A71A5C2F-9F2D-376F-B48E-DA96F955911E}.Debug|Win32.ActiveCfg = Debug|Win32
		{A71A5C2F-9F2D-376F-B48E-DA96F955911E}.Debug|Win32.Build.0 = Debug|Win32
		{A71A5C2F-9F2D-376F-B48E-DA96F955911E}.Release|Win32.ActiveCfg = Release|Win32
		{A71A5C2F-9F2D-376F-B48E-DA96F955911E}.Release|Win32.Build.0 = Release|Win32
		{A1314BD4-24A4-3FAA-8DE9-EC80D39A7890}.Debug|Win32.ActiveCfg = Debug|Win32
		{A1314BD4-24A4-3FAA-8DE9-EC80D39A7890}.Debug|Win32.Build.0 = Debug|Win32
		{A1314BD4-24A4-3FAA-8DE9-EC80D39A7890}.Release|Win32.ActiveCfg = Release|Win32
		{A1314BD4-24A4-3FAA-8DE9-EC80D39A7890}.Release|Win32.Build.0 = Release|Win32
		{A66F3F32-188A-38C4-A71F-1FAFD1AE77AB}.Debug|Win32.ActiveCfg = Debug|Win32
		{A66F3F32-188A-38C4-A71F-1FAFD1AE77AB}.Debug|Win32.Build.0 = Debug|Win32
		{A66F3F32-188A-38C4-A71F-1FAFD1AE77AB}.Release|Win32.ActiveCfg = Release|Win32
		{A66F3F32-188A-38C4-A71F-1FAFD1AE77AB}.Release|Win32.Build.0 = Release|Win32
		{F9733CF0-C9E0-38CD-81F9-AE1AB0B71272}.Debug|Win32.ActiveCfg = Debug|Win32
		{F9733CF0-C9E0-38CD-81F9-AE1AB0B71272}.Debug|Win32.Build.0 = Debug|Win32
		{F9733CF0-C9E0-38CD-81F9-AE1AB0B71272}.Release|Win32.ActiveCfg = Release|Win32
		{F9733CF0-C9E0-38CD-81F9-AE1AB0B71272}.Release|Win32.Build.0 = Release|Win32
		{A36B181A-1ABB-305D-9D32-B289652D1172}.Debug|Win32.ActiveCfg = Debug|Win32
		{A36B181A-1ABB-305D-9D32-B289652D1172}.Debug|Win32.Build.0 = Debug|Win32
		{A36B181A-1ABB-305D-9D32-B289652D1172}.Release|Win32.ActiveCfg = Release|Win32
		{A36B181A-1ABB-305D-9D32-B289652D1172}.Release|Win32.Build.0 = Release|Win32
		{455E3704-BD0D-36F5-A801-567EFBC1F830}.Debug|Win32.ActiveCfg = Debug|Win32
		{455E3704-BD0D-36F5-A801-567EFBC1F830}.Debug|Win32.Build.0 = Debug|Win32
		{455E3704-BD0D-36F5-A801-567EFBC1F830}.Release|Win32.ActiveCfg = Release|Win32
		{455E3704-BD0D-36F5-A801-567EFBC1F830}.Release|Win32.Build.0 = Release|Win32
		{2725744D-9C7F-30B9-996C-0EE8A0609996}.Debug|Win32.ActiveCfg = Debug|Win32
		{2725744D-9C7F-30B9-996C-0EE8A0609996}.Debug|Win32.Build.0 = Debug|Win32
		{2725744D-9C7F-30B9-996C-0EE8A0609996}.Release|Win32.ActiveCfg = Release|Win32
		{2725744D-9C7F-30B9-996C-0EE8A0609996}.Release|Win32.Build.0 = Release|Win32
	EndGlobalSection
	GlobalSection(ExtensibilityGlobals) = postSolution
	EndGlobalSection
	GlobalSection(ExtensibilityAddIns) = postSolution
	EndGlobalSection
EndGlobal