Microsoft Visual Studio Solution File, Format Version 10.00
# Visual Studio 2008
Project("{8BC9CEB8-8B4A-11D0-8D11-00A0C91BC942}") = "png", "third-part\png\png.vcproj", "{2B5E5173-827E-3E25-8E85-C1F0FFCD58AF}"
EndProject
Project("{8BC9CEB8-8B4A-11D0-8D11-00A0C91BC942}") = "skia", "third-part\skia\skia.vcproj", "{9FB6958F-4AE6-3726-A68D-144673209A3A}"
EndProject
Project("{8BC9CEB8-8B4A-11D0-8D11-00A0C91BC942}") = "zlib", "third-part\zlib\zlib.vcproj", "{BC7DFE06-2FDE-39CB-8FE0-5DDF11277CC4}"
EndProject
Project("{8BC9CEB8-8B4A-11D0-8D11-00A0C91BC942}") = "lua-52", "third-part\lua-52\lua-52.vcproj", "{D230AD96-D2FC-3D13-980B-3AD7483D7067}"
EndProject
Project("{8BC9CEB8-8B4A-11D0-8D11-00A0C91BC942}") = "smiley", "third-part\smiley\smiley.vcproj", "{7A021D0B-42AA-399D-A6FD-21497401DAA0}"
EndProject
Project("{8BC9CEB8-8B4A-11D0-8D11-00A0C91BC942}") = "mhook", "third-part\mhook\mhook.vcproj", "{56B8E0D6-3A12-3931-89D4-D88F8B127803}"
EndProject
Project("{8BC9CEB8-8B4A-11D0-8D11-00A0C91BC942}") = "utilities", "utilities\utilities.vcproj", "{37DE703E-9349-3B3D-8462-BA4A1E1BBFCA}"
EndProject
Project("{8BC9CEB8-8B4A-11D0-8D11-00A0C91BC942}") = "soui", "SOUI\soui.vcproj", "{3142EB88-0071-3141-8E39-42365457AF03}"
	ProjectSection(ProjectDependencies) = postProject
		{37DE703E-9349-3B3D-8462-BA4A1E1BBFCA} = {37DE703E-9349-3B3D-8462-BA4A1E1BBFCA}
		{CDED27DB-57AA-32C0-B51A-06449B0E136E} = {CDED27DB-57AA-32C0-B51A-06449B0E136E}
	EndProjectSection
EndProject
Project("{8BC9CEB8-8B4A-11D0-8D11-00A0C91BC942}") = "imgdecoder-wic", "components\imgdecoder-wic\imgdecoder-wic.vcproj", "{4DF16A49-3076-3730-9028-8A672AF306C2}"
EndProject
Project("{8BC9CEB8-8B4A-11D0-8D11-00A0C91BC942}") = "render-gdi", "components\render-gdi\render-gdi.vcproj", "{891C9AA7-6441-3F38-B682-9477D3E18ED9}"
	ProjectSection(ProjectDependencies) = postProject
		{37DE703E-9349-3B3D-8462-BA4A1E1BBFCA} = {37DE703E-9349-3B3D-8462-BA4A1E1BBFCA}
	EndProjectSection
EndProject
Project("{8BC9CEB8-8B4A-11D0-8D11-00A0C91BC942}") = "render-skia", "components\render-skia\render-skia.vcproj", "{0D6D6208-1735-36E0-94B8-A64A6C80DD68}"
	ProjectSection(ProjectDependencies) = postProject
		{37DE703E-9349-3B3D-8462-BA4A1E1BBFCA} = {37DE703E-9349-3B3D-8462-BA4A1E1BBFCA}
		{9FB6958F-4AE6-3726-A68D-144673209A3A} = {9FB6958F-4AE6-3726-A68D-144673209A3A}
	EndProjectSection
EndProject
Project("{8BC9CEB8-8B4A-11D0-8D11-00A0C91BC942}") = "translator", "components\translator\translator.vcproj", "{F8BE4C9A-5071-34A2-B1EE-7E264021A0A1}"
	ProjectSection(ProjectDependencies) = postProject
		{37DE703E-9349-3B3D-8462-BA4A1E1BBFCA} = {37DE703E-9349-3B3D-8462-BA4A1E1BBFCA}
	EndProjectSection
EndProject
Project("{8BC9CEB8-8B4A-11D0-8D11-00A0C91BC942}") = "resprovider-zip", "components\resprovider-zip\resprovider-zip.vcproj", "{89EF75A8-1053-3F7B-A7AF-0D9A568EE9F0}"
	ProjectSection(ProjectDependencies) = postProject
		{37DE703E-9349-3B3D-8462-BA4A1E1BBFCA} = {37DE703E-9349-3B3D-8462-BA4A1E1BBFCA}
		{37DE703E-9349-3B3D-8462-BA4A1E1BBFCA} = {37DE703E-9349-3B3D-8462-BA4A1E1BBFCA}
		{BC7DFE06-2FDE-39CB-8FE0-5DDF11277CC4} = {BC7DFE06-2FDE-39CB-8FE0-5DDF11277CC4}
	EndProjectSection
EndProject
Project("{8BC9CEB8-8B4A-11D0-8D11-00A0C91BC942}") = "imgdecoder-stb", "components\imgdecoder-stb\imgdecoder-stb.vcproj", "{CA079EA9-FDD6-35A9-9DE8-B5AC396B678C}"
EndProject
Project("{8BC9CEB8-8B4A-11D0-8D11-00A0C91BC942}") = "imgdecoder-png", "components\imgdecoder-png\imgdecoder-png.vcproj", "{9525C25B-0637-3099-8495-F0979E28F2F5}"
	ProjectSection(ProjectDependencies) = postProject
		{2B5E5173-827E-3E25-8E85-C1F0FFCD58AF} = {2B5E5173-827E-3E25-8E85-C1F0FFCD58AF}
		{BC7DFE06-2FDE-39CB-8FE0-5DDF11277CC4} = {BC7DFE06-2FDE-39CB-8FE0-5DDF11277CC4}
	EndProjectSection
EndProject
Project("{8BC9CEB8-8B4A-11D0-8D11-00A0C91BC942}") = "imgdecoder-gdip", "components\imgdecoder-gdip\imgdecoder-gdip.vcproj", "{5FDFC4AD-B3FC-37B2-9FF4-07D2F3E98AAB}"
EndProject
Project("{8BC9CEB8-8B4A-11D0-8D11-00A0C91BC942}") = "scriptmodule-lua", "components\ScriptModule-LUA\scriptmodule-lua.vcproj", "{00375A42-C1A6-3566-AE0F-3F35969E7575}"
	ProjectSection(ProjectDependencies) = postProject
		{3142EB88-0071-3141-8E39-42365457AF03} = {3142EB88-0071-3141-8E39-42365457AF03}
		{D230AD96-D2FC-3D13-980B-3AD7483D7067} = {D230AD96-D2FC-3D13-980B-3AD7483D7067}
	EndProjectSection
EndProject
Project("{8BC9CEB8-8B4A-11D0-8D11-00A0C91BC942}") = "log4z", "components\log4z\log4z.vcproj", "{9686385C-47DA-37F7-A5B8-FBFFAA35BA2A}"
EndProject
Project("{8BC9CEB8-8B4A-11D0-8D11-00A0C91BC942}") = "demo", "demo\demo.vcproj", "{11DC0DEC-161B-3B92-BF38-7E08DE8B4A41}"
	ProjectSection(ProjectDependencies) = postProject
		{3142EB88-0071-3141-8E39-42365457AF03} = {3142EB88-0071-3141-8E39-42365457AF03}
		{4DF16A49-3076-3730-9028-8A672AF306C2} = {4DF16A49-3076-3730-9028-8A672AF306C2}
		{56B8E0D6-3A12-3931-89D4-D88F8B127803} = {56B8E0D6-3A12-3931-89D4-D88F8B127803}
		{7A021D0B-42AA-399D-A6FD-21497401DAA0} = {7A021D0B-42AA-399D-A6FD-21497401DAA0}
		{00375A42-C1A6-3566-AE0F-3F35969E7575} = {00375A42-C1A6-3566-AE0F-3F35969E7575}
		{CA079EA9-FDD6-35A9-9DE8-B5AC396B678C} = {CA079EA9-FDD6-35A9-9DE8-B5AC396B678C}
		{F8BE4C9A-5071-34A2-B1EE-7E264021A0A1} = {F8BE4C9A-5071-34A2-B1EE-7E264021A0A1}
		{0D6D6208-1735-36E0-94B8-A64A6C80DD68} = {0D6D6208-1735-36E0-94B8-A64A6C80DD68}
		{9525C25B-0637-3099-8495-F0979E28F2F5} = {9525C25B-0637-3099-8495-F0979E28F2F5}
		{89EF75A8-1053-3F7B-A7AF-0D9A568EE9F0} = {89EF75A8-1053-3F7B-A7AF-0D9A568EE9F0}
		{54F07177-0540-3E2F-A212-B7A6DEAC854B} = {54F07177-0540-3E2F-A212-B7A6DEAC854B}
		{5FDFC4AD-B3FC-37B2-9FF4-07D2F3E98AAB} = {5FDFC4AD-B3FC-37B2-9FF4-07D2F3E98AAB}
		{891C9AA7-6441-3F38-B682-9477D3E18ED9} = {891C9AA7-6441-3F38-B682-9477D3E18ED9}
	EndProjectSection
EndProject
Project("{2150E333-8FDC-42A3-9474-1A3956D46DE8}") = "components", "components", "{7E3A1493-014C-436A-8A0B-FD579ADA6531}"
EndProject
Project("{2150E333-8FDC-42A3-9474-1A3956D46DE8}") = "third-part", "third-part", "{DAD1DC0E-CD4D-4D50-944F-3345541043CC}"
EndProject
Project("{2150E333-8FDC-42A3-9474-1A3956D46DE8}") = "imgdecoder", "imgdecoder", "{E22EC8FD-71BB-4904-B623-F9C9A7E805BD}"
EndProject
Project("{2150E333-8FDC-42A3-9474-1A3956D46DE8}") = "render", "render", "{F1E33A5E-A347-40F8-A34A-5EB534D84C77}"
EndProject
Project("{8BC9CEB8-8B4A-11D0-8D11-00A0C91BC942}") = "gtest", "third-part\gtest\gtest.vcproj", "{F8148F66-0541-3864-808D-D4A51F0D72D1}"
EndProject
Project("{8BC9CEB8-8B4A-11D0-8D11-00A0C91BC942}") = "7z", "third-part\7z\7z.vcproj", "{896F1AB3-0254-348B-9B88-181E8D1C02E9}"
EndProject
Project("{8BC9CEB8-8B4A-11D0-8D11-00A0C91BC942}") = "resprovider-7zip", "components\resprovider-7zip\resprovider-7zip.vcproj", "{54F07177-0540-3E2F-A212-B7A6DEAC854B}"
	ProjectSection(ProjectDependencies) = postProject
		{37DE703E-9349-3B3D-8462-BA4A1E1BBFCA} = {37DE703E-9349-3B3D-8462-BA4A1E1BBFCA}
		{896F1AB3-0254-348B-9B88-181E8D1C02E9} = {896F1AB3-0254-348B-9B88-181E8D1C02E9}
	EndProjectSection
EndProject
Project("{8BC9CEB8-8B4A-11D0-8D11-00A0C91BC942}") = "soui-sys-resource", "soui-sys-resource\soui-sys-resource.vcproj", "{CDED27DB-57AA-32C0-B51A-06449B0E136E}"
EndProject
Project("{8BC9CEB8-8B4A-11D0-8D11-00A0C91BC942}") = "scintilla", "third-part\Scintilla\scintilla.vcproj", "{ED2E7128-2A87-3A5A-A7B0-0295A0628A29}"
EndProject
Project("{8BC9CEB8-8B4A-11D0-8D11-00A0C91BC942}") = "jsoncpp", "third-part\jsoncpp\jsoncpp.vcproj", "{10FE3EBA-779C-3D52-99D5-E5E45CF99969}"
EndProject
Project("{8BC9CEB8-8B4A-11D0-8D11-00A0C91BC942}") = "TaskLoop", "components\TaskLoop\TaskLoop.vcproj", "{226ABB73-A763-3183-ACB4-851544028050}"
EndProject
Project("{8BC9CEB8-8B4A-11D0-8D11-00A0C91BC942}") = "SIpcObject", "components\SIpcObject\SIpcObject.vcproj", "{05BCE4A1-6B8B-386E-8962-D803F2977E82}"
EndProject
Project("{8BC9CEB8-8B4A-11D0-8D11-00A0C91BC942}") = "SkMatrix", "third-part\SkMatrix\SkMatrix.vcproj", "{1321C253-FA1E-30F6-92B7-BF385986251F}"
EndProject
Global
	GlobalSection(SolutionConfigurationPlatforms) = preSolution
		Debug|Win32 = Debug|Win32
		Release|Win32 = Release|Win32
	EndGlobalSection
	GlobalSection(ProjectConfigurationPlatforms) = postSolution
		{2B5E5173-827E-3E25-8E85-C1F0FFCD58AF}.Debug|Win32.ActiveCfg = Debug|Win32
		{2B5E5173-827E-3E25-8E85-C1F0FFCD58AF}.Debug|Win32.Build.0 = Debug|Win32
		{2B5E5173-827E-3E25-8E85-C1F0FFCD58AF}.Release|Win32.ActiveCfg = Release|Win32
		{2B5E5173-827E-3E25-8E85-C1F0FFCD58AF}.Release|Win32.Build.0 = Release|Win32
		{9FB6958F-4AE6-3726-A68D-144673209A3A}.Debug|Win32.ActiveCfg = Debug|Win32
		{9FB6958F-4AE6-3726-A68D-144673209A3A}.Debug|Win32.Build.0 = Debug|Win32
		{9FB6958F-4AE6-3726-A68D-144673209A3A}.Release|Win32.ActiveCfg = Release|Win32
		{9FB6958F-4AE6-3726-A68D-144673209A3A}.Release|Win32.Build.0 = Release|Win32
		{BC7DFE06-2FDE-39CB-8FE0-5DDF11277CC4}.Debug|Win32.ActiveCfg = Debug|Win32
		{BC7DFE06-2FDE-39CB-8FE0-5DDF11277CC4}.Debug|Win32.Build.0 = Debug|Win32
		{BC7DFE06-2FDE-39CB-8FE0-5DDF11277CC4}.Release|Win32.ActiveCfg = Release|Win32
		{BC7DFE06-2FDE-39CB-8FE0-5DDF11277CC4}.Release|Win32.Build.0 = Release|Win32
		{D230AD96-D2FC-3D13-980B-3AD7483D7067}.Debug|Win32.ActiveCfg = Debug|Win32
		{D230AD96-D2FC-3D13-980B-3AD7483D7067}.Debug|Win32.Build.0 = Debug|Win32
		{D230AD96-D2FC-3D13-980B-3AD7483D7067}.Release|Win32.ActiveCfg = Release|Win32
		{D230AD96-D2FC-3D13-980B-3AD7483D7067}.Release|Win32.Build.0 = Release|Win32
		{7A021D0B-42AA-399D-A6FD-21497401DAA0}.Debug|Win32.ActiveCfg = Debug|Win32
		{7A021D0B-42AA-399D-A6FD-21497401DAA0}.Debug|Win32.Build.0 = Debug|Win32
		{7A021D0B-42AA-399D-A6FD-21497401DAA0}.Release|Win32.ActiveCfg = Release|Win32
		{7A021D0B-42AA-399D-A6FD-21497401DAA0}.Release|Win32.Build.0 = Release|Win32
		{56B8E0D6-3A12-3931-89D4-D88F8B127803}.Debug|Win32.ActiveCfg = Debug|Win32
		{56B8E0D6-3A12-3931-89D4-D88F8B127803}.Debug|Win32.Build.0 = Debug|Win32
		{56B8E0D6-3A12-3931-89D4-D88F8B127803}.Release|Win32.ActiveCfg = Release|Win32
		{56B8E0D6-3A12-3931-89D4-D88F8B127803}.Release|Win32.Build.0 = Release|Win32
		{37DE703E-9349-3B3D-8462-BA4A1E1BBFCA}.Debug|Win32.ActiveCfg = Debug|Win32
		{37DE703E-9349-3B3D-8462-BA4A1E1BBFCA}.Debug|Win32.Build.0 = Debug|Win32
		{37DE703E-9349-3B3D-8462-BA4A1E1BBFCA}.Release|Win32.ActiveCfg = Release|Win32
		{37DE703E-9349-3B3D-8462-BA4A1E1BBFCA}.Release|Win32.Build.0 = Release|Win32
		{3142EB88-0071-3141-8E39-42365457AF03}.Debug|Win32.ActiveCfg = Debug|Win32
		{3142EB88-0071-3141-8E39-42365457AF03}.Debug|Win32.Build.0 = Debug|Win32
		{3142EB88-0071-3141-8E39-42365457AF03}.Release|Win32.ActiveCfg = Release|Win32
		{3142EB88-0071-3141-8E39-42365457AF03}.Release|Win32.Build.0 = Release|Win32
		{4DF16A49-3076-3730-9028-8A672AF306C2}.Debug|Win32.ActiveCfg = Debug|Win32
		{4DF16A49-3076-3730-9028-8A672AF306C2}.Debug|Win32.Build.0 = Debug|Win32
		{4DF16A49-3076-3730-9028-8A672AF306C2}.Release|Win32.ActiveCfg = Release|Win32
		{4DF16A49-3076-3730-9028-8A672AF306C2}.Release|Win32.Build.0 = Release|Win32
		{891C9AA7-6441-3F38-B682-9477D3E18ED9}.Debug|Win32.ActiveCfg = Debug|Win32
		{891C9AA7-6441-3F38-B682-9477D3E18ED9}.Debug|Win32.Build.0 = Debug|Win32
		{891C9AA7-6441-3F38-B682-9477D3E18ED9}.Release|Win32.ActiveCfg = Release|Win32
		{891C9AA7-6441-3F38-B682-9477D3E18ED9}.Release|Win32.Build.0 = Release|Win32
		{0D6D6208-1735-36E0-94B8-A64A6C80DD68}.Debug|Win32.ActiveCfg = Debug|Win32
		{0D6D6208-1735-36E0-94B8-A64A6C80DD68}.Debug|Win32.Build.0 = Debug|Win32
		{0D6D6208-1735-36E0-94B8-A64A6C80DD68}.Release|Win32.ActiveCfg = Release|Win32
		{0D6D6208-1735-36E0-94B8-A64A6C80DD68}.Release|Win32.Build.0 = Release|Win32
		{F8BE4C9A-5071-34A2-B1EE-7E264021A0A1}.Debug|Win32.ActiveCfg = Debug|Win32
		{F8BE4C9A-5071-34A2-B1EE-7E264021A0A1}.Debug|Win32.Build.0 = Debug|Win32
		{F8BE4C9A-5071-34A2-B1EE-7E264021A0A1}.Release|Win32.ActiveCfg = Release|Win32
		{F8BE4C9A-5071-34A2-B1EE-7E264021A0A1}.Release|Win32.Build.0 = Release|Win32
		{89EF75A8-1053-3F7B-A7AF-0D9A568EE9F0}.Debug|Win32.ActiveCfg = Debug|Win32
		{89EF75A8-1053-3F7B-A7AF-0D9A568EE9F0}.Debug|Win32.Build.0 = Debug|Win32
		{89EF75A8-1053-3F7B-A7AF-0D9A568EE9F0}.Release|Win32.ActiveCfg = Release|Win32
		{89EF75A8-1053-3F7B-A7AF-0D9A568EE9F0}.Release|Win32.Build.0 = Release|Win32
		{CA079EA9-FDD6-35A9-9DE8-B5AC396B678C}.Debug|Win32.ActiveCfg = Debug|Win32
		{CA079EA9-FDD6-35A9-9DE8-B5AC396B678C}.Debug|Win32.Build.0 = Debug|Win32
		{CA079EA9-FDD6-35A9-9DE8-B5AC396B678C}.Release|Win32.ActiveCfg = Release|Win32
		{CA079EA9-FDD6-35A9-9DE8-B5AC396B678C}.Release|Win32.Build.0 = Release|Win32
		{9525C25B-0637-3099-8495-F0979E28F2F5}.Debug|Win32.ActiveCfg = Debug|Win32
		{9525C25B-0637-3099-8495-F0979E28F2F5}.Debug|Win32.Build.0 = Debug|Win32
		{9525C25B-0637-3099-8495-F0979E28F2F5}.Release|Win32.ActiveCfg = Release|Win32
		{9525C25B-0637-3099-8495-F0979E28F2F5}.Release|Win32.Build.0 = Release|Win32
		{5FDFC4AD-B3FC-37B2-9FF4-07D2F3E98AAB}.Debug|Win32.ActiveCfg = Debug|Win32
		{5FDFC4AD-B3FC-37B2-9FF4-07D2F3E98AAB}.Debug|Win32.Build.0 = Debug|Win32
		{5FDFC4AD-B3FC-37B2-9FF4-07D2F3E98AAB}.Release|Win32.ActiveCfg = Release|Win32
		{5FDFC4AD-B3FC-37B2-9FF4-07D2F3E98AAB}.Release|Win32.Build.0 = Release|Win32
		{00375A42-C1A6-3566-AE0F-3F35969E7575}.Debug|Win32.ActiveCfg = Debug|Win32
		{00375A42-C1A6-3566-AE0F-3F35969E7575}.Debug|Win32.Build.0 = Debug|Win32
		{00375A42-C1A6-3566-AE0F-3F35969E7575}.Release|Win32.ActiveCfg = Release|Win32
		{00375A42-C1A6-3566-AE0F-3F35969E7575}.Release|Win32.Build.0 = Release|Win32
		{9686385C-47DA-37F7-A5B8-FBFFAA35BA2A}.Debug|Win32.ActiveCfg = Debug|Win32
		{9686385C-47DA-37F7-A5B8-FBFFAA35BA2A}.Debug|Win32.Build.0 = Debug|Win32
		{9686385C-47DA-37F7-A5B8-FBFFAA35BA2A}.Release|Win32.ActiveCfg = Release|Win32
		{9686385C-47DA-37F7-A5B8-FBFFAA35BA2A}.Release|Win32.Build.0 = Release|Win32
		{11DC0DEC-161B-3B92-BF38-7E08DE8B4A41}.Debug|Win32.ActiveCfg = Debug|Win32
		{11DC0DEC-161B-3B92-BF38-7E08DE8B4A41}.Debug|Win32.Build.0 = Debug|Win32
		{11DC0DEC-161B-3B92-BF38-7E08DE8B4A41}.Release|Win32.ActiveCfg = Release|Win32
		{11DC0DEC-161B-3B92-BF38-7E08DE8B4A41}.Release|Win32.Build.0 = Release|Win32
		{F8148F66-0541-3864-808D-D4A51F0D72D1}.Debug|Win32.ActiveCfg = Debug|Win32
		{F8148F66-0541-3864-808D-D4A51F0D72D1}.Debug|Win32.Build.0 = Debug|Win32
		{F8148F66-0541-3864-808D-D4A51F0D72D1}.Release|Win32.ActiveCfg = Release|Win32
		{F8148F66-0541-3864-808D-D4A51F0D72D1}.Release|Win32.Build.0 = Release|Win32
		{896F1AB3-0254-348B-9B88-181E8D1C02E9}.Debug|Win32.ActiveCfg = Debug|Win32
		{896F1AB3-0254-348B-9B88-181E8D1C02E9}.Debug|Win32.Build.0 = Debug|Win32
		{896F1AB3-0254-348B-9B88-181E8D1C02E9}.Release|Win32.ActiveCfg = Release|Win32
		{896F1AB3-0254-348B-9B88-181E8D1C02E9}.Release|Win32.Build.0 = Release|Win32
		{54F07177-0540-3E2F-A212-B7A6DEAC854B}.Debug|Win32.ActiveCfg = Debug|Win32
		{54F07177-0540-3E2F-A212-B7A6DEAC854B}.Debug|Win32.Build.0 = Debug|Win32
		{54F07177-0540-3E2F-A212-B7A6DEAC854B}.Release|Win32.ActiveCfg = Release|Win32
		{54F07177-0540-3E2F-A212-B7A6DEAC854B}.Release|Win32.Build.0 = Release|Win32
		{CDED27DB-57AA-32C0-B51A-06449B0E136E}.Debug|Win32.ActiveCfg = Debug|Win32
		{CDED27DB-57AA-32C0-B51A-06449B0E136E}.Debug|Win32.Build.0 = Debug|Win32
		{CDED27DB-57AA-32C0-B51A-06449B0E136E}.Release|Win32.ActiveCfg = Release|Win32
		{CDED27DB-57AA-32C0-B51A-06449B0E136E}.Release|Win32.Build.0 = Release|Win32
		{ED2E7128-2A87-3A5A-A7B0-0295A0628A29}.Debug|Win32.ActiveCfg = Debug|Win32
		{ED2E7128-2A87-3A5A-A7B0-0295A0628A29}.Debug|Win32.Build.0 = Debug|Win32
		{ED2E7128-2A87-3A5A-A7B0-0295A0628A29}.Release|Win32.ActiveCfg = Release|Win32
		{ED2E7128-2A87-3A5A-A7B0-0295A0628A29}.Release|Win32.Build.0 = Release|Win32
		{10FE3EBA-779C-3D52-99D5-E5E45CF99969}.Debug|Win32.ActiveCfg = Debug|Win32
		{10FE3EBA-779C-3D52-99D5-E5E45CF99969}.Debug|Win32.Build.0 = Debug|Win32
		{10FE3EBA-779C-3D52-99D5-E5E45CF99969}.Release|Win32.ActiveCfg = Release|Win32
		{10FE3EBA-779C-3D52-99D5-E5E45CF99969}.Release|Win32.Build.0 = Release|Win32
		{226ABB73-A763-3183-ACB4-851544028050}.Debug|Win32.ActiveCfg = Debug|Win32
		{226ABB73-A763-3183-ACB4-851544028050}.Debug|Win32.Build.0 = Debug|Win32
		{226ABB73-A763-3183-ACB4-851544028050}.Release|Win32.ActiveCfg = Release|Win32
		{226ABB73-A763-3183-ACB4-851544028050}.Release|Win32.Build.0 = Release|Win32
		{05BCE4A1-6B8B-386E-8962-D803F2977E82}.Debug|Win32.ActiveCfg = Debug|Win32
		{05BCE4A1-6B8B-386E-8962-D803F2977E82}.Debug|Win32.Build.0 = Debug|Win32
		{05BCE4A1-6B8B-386E-8962-D803F2977E82}.Release|Win32.ActiveCfg = Release|Win32
		{05BCE4A1-6B8B-386E-8962-D803F2977E82}.Release|Win32.Build.0 = Release|Win32
		{1321C253-FA1E-30F6-92B7-BF385986251F}.Debug|Win32.ActiveCfg = Debug|Win32
		{1321C253-FA1E-30F6-92B7-BF385986251F}.Debug|Win32.Build.0 = Debug|Win32
		{1321C253-FA1E-30F6-92B7-BF385986251F}.Release|Win32.ActiveCfg = Release|Win32
		{1321C253-FA1E-30F6-92B7-BF385986251F}.Release|Win32.Build.0 = Release|Win32
	EndGlobalSection
	GlobalSection(SolutionProperties) = preSolution
		HideSolutionNode = FALSE
	EndGlobalSection
	GlobalSection(NestedProjects) = preSolution
		{9FB6958F-4AE6-3726-A68D-144673209A3A} = {DAD1DC0E-CD4D-4D50-944F-3345541043CC}
		{BC7DFE06-2FDE-39CB-8FE0-5DDF11277CC4} = {DAD1DC0E-CD4D-4D50-944F-3345541043CC}
		{D230AD96-D2FC-3D13-980B-3AD7483D7067} = {DAD1DC0E-CD4D-4D50-944F-3345541043CC}
		{7A021D0B-42AA-399D-A6FD-21497401DAA0} = {DAD1DC0E-CD4D-4D50-944F-3345541043CC}
		{56B8E0D6-3A12-3931-89D4-D88F8B127803} = {DAD1DC0E-CD4D-4D50-944F-3345541043CC}
		{2B5E5173-827E-3E25-8E85-C1F0FFCD58AF} = {DAD1DC0E-CD4D-4D50-944F-3345541043CC}
		{F8148F66-0541-3864-808D-D4A51F0D72D1} = {DAD1DC0E-CD4D-4D50-944F-3345541043CC}
		{896F1AB3-0254-348B-9B88-181E8D1C02E9} = {DAD1DC0E-CD4D-4D50-944F-3345541043CC}
		{ED2E7128-2A87-3A5A-A7B0-0295A0628A29} = {DAD1DC0E-CD4D-4D50-944F-3345541043CC}
		{10FE3EBA-779C-3D52-99D5-E5E45CF99969} = {DAD1DC0E-CD4D-4D50-944F-3345541043CC}
		{1321C253-FA1E-30F6-92B7-BF385986251F} = {DAD1DC0E-CD4D-4D50-944F-3345541043CC}
		{F1E33A5E-A347-40F8-A34A-5EB534D84C77} = {7E3A1493-014C-436A-8A0B-FD579ADA6531}
		{F8BE4C9A-5071-34A2-B1EE-7E264021A0A1} = {7E3A1493-014C-436A-8A0B-FD579ADA6531}
		{89EF75A8-1053-3F7B-A7AF-0D9A568EE9F0} = {7E3A1493-014C-436A-8A0B-FD579ADA6531}
		{E22EC8FD-71BB-4904-B623-F9C9A7E805BD} = {7E3A1493-014C-436A-8A0B-FD579ADA6531}
		{00375A42-C1A6-3566-AE0F-3F35969E7575} = {7E3A1493-014C-436A-8A0B-FD579ADA6531}
		{9686385C-47DA-37F7-A5B8-FBFFAA35BA2A} = {7E3A1493-014C-436A-8A0B-FD579ADA6531}
		{54F07177-0540-3E2F-A212-B7A6DEAC854B} = {7E3A1493-014C-436A-8A0B-FD579ADA6531}
		{226ABB73-A763-3183-ACB4-851544028050} = {7E3A1493-014C-436A-8A0B-FD579ADA6531}
		{05BCE4A1-6B8B-386E-8962-D803F2977E82} = {7E3A1493-014C-436A-8A0B-FD579ADA6531}
		{0D6D6208-1735-36E0-94B8-A64A6C80DD68} = {F1E33A5E-A347-40F8-A34A-5EB534D84C77}
		{891C9AA7-6441-3F38-B682-9477D3E18ED9} = {F1E33A5E-A347-40F8-A34A-5EB534D84C77}
		{9525C25B-0637-3099-8495-F0979E28F2F5} = {E22EC8FD-71BB-4904-B623-F9C9A7E805BD}
		{5FDFC4AD-B3FC-37B2-9FF4-07D2F3E98AAB} = {E22EC8FD-71BB-4904-B623-F9C9A7E805BD}
		{4DF16A49-3076-3730-9028-8A672AF306C2} = {E22EC8FD-71BB-4904-B623-F9C9A7E805BD}
		{CA079EA9-FDD6-35A9-9DE8-B5AC396B678C} = {E22EC8FD-71BB-4904-B623-F9C9A7E805BD}
	EndGlobalSection
EndGlobal
