Microsoft Visual Studio Solution File, Format Version 10.00
# Visual Studio 2008
Project("{8BC9CEB8-8B4A-11D0-8D11-00A0C91BC942}") = "png", "third-part\png\png.vcproj", "{70DF9119-E171-3EAC-90BD-D844577CBF15}"
EndProject
Project("{8BC9CEB8-8B4A-11D0-8D11-00A0C91BC942}") = "skia", "third-part\skia\skia.vcproj", "{FD0B837B-0C5D-3A8F-9E96-5726231B7211}"
EndProject
Project("{8BC9CEB8-8B4A-11D0-8D11-00A0C91BC942}") = "zlib", "third-part\zlib\zlib.vcproj", "{C0C618DD-D790-3D3F-A06A-2E5CBA2B2F2E}"
EndProject
Project("{8BC9CEB8-8B4A-11D0-8D11-00A0C91BC942}") = "lua-52", "third-part\lua-52\lua-52.vcproj", "{C61FBE81-669D-36D2-B56D-AE6D8752DC39}"
EndProject
Project("{8BC9CEB8-8B4A-11D0-8D11-00A0C91BC942}") = "smiley", "third-part\smiley\smiley.vcproj", "{AF6A7E56-E412-302E-ADA7-066FE61C80CD}"
EndProject
Project("{8BC9CEB8-8B4A-11D0-8D11-00A0C91BC942}") = "mhook", "third-part\mhook\mhook.vcproj", "{96954A2E-CEE8-38BB-A476-71E1E8897FC6}"
EndProject
Project("{8BC9CEB8-8B4A-11D0-8D11-00A0C91BC942}") = "utilities", "utilities\utilities.vcproj", "{1422B414-7C9C-3BFC-8659-0318FBB06CFA}"
EndProject
Project("{8BC9CEB8-8B4A-11D0-8D11-00A0C91BC942}") = "soui", "SOUI\soui.vcproj", "{34B93B0C-4469-3DFF-935F-234DAE93435C}"
	ProjectSection(ProjectDependencies) = postProject
		{1422B414-7C9C-3BFC-8659-0318FBB06CFA} = {1422B414-7C9C-3BFC-8659-0318FBB06CFA}
		{C783A0BF-9380-3AA3-BF8A-8C25B4F75EC8} = {C783A0BF-9380-3AA3-BF8A-8C25B4F75EC8}
	EndProjectSection
EndProject
Project("{8BC9CEB8-8B4A-11D0-8D11-00A0C91BC942}") = "imgdecoder-wic", "components\imgdecoder-wic\imgdecoder-wic.vcproj", "{246A9B17-C110-3FC0-9617-289A9D1B1937}"
EndProject
Project("{8BC9CEB8-8B4A-11D0-8D11-00A0C91BC942}") = "render-gdi", "components\render-gdi\render-gdi.vcproj", "{0A95D2F5-81CF-36FD-9653-9356D4D8974A}"
	ProjectSection(ProjectDependencies) = postProject
		{1422B414-7C9C-3BFC-8659-0318FBB06CFA} = {1422B414-7C9C-3BFC-8659-0318FBB06CFA}
	EndProjectSection
EndProject
Project("{8BC9CEB8-8B4A-11D0-8D11-00A0C91BC942}") = "render-skia", "components\render-skia\render-skia.vcproj", "{48746C6E-B8A6-39BC-9149-79FF3E32B718}"
	ProjectSection(ProjectDependencies) = postProject
		{1422B414-7C9C-3BFC-8659-0318FBB06CFA} = {1422B414-7C9C-3BFC-8659-0318FBB06CFA}
		{FD0B837B-0C5D-3A8F-9E96-5726231B7211} = {FD0B837B-0C5D-3A8F-9E96-5726231B7211}
	EndProjectSection
EndProject
Project("{8BC9CEB8-8B4A-11D0-8D11-00A0C91BC942}") = "translator", "components\translator\translator.vcproj", "{9F31D665-4008-388B-B513-458599117EE4}"
	ProjectSection(ProjectDependencies) = postProject
		{1422B414-7C9C-3BFC-8659-0318FBB06CFA} = {1422B414-7C9C-3BFC-8659-0318FBB06CFA}
	EndProjectSection
EndProject
Project("{8BC9CEB8-8B4A-11D0-8D11-00A0C91BC942}") = "resprovider-zip", "components\resprovider-zip\resprovider-zip.vcproj", "{F9070D9A-8209-3C94-83D7-FDC38EC69495}"
	ProjectSection(ProjectDependencies) = postProject
		{1422B414-7C9C-3BFC-8659-0318FBB06CFA} = {1422B414-7C9C-3BFC-8659-0318FBB06CFA}
		{1422B414-7C9C-3BFC-8659-0318FBB06CFA} = {1422B414-7C9C-3BFC-8659-0318FBB06CFA}
		{C0C618DD-D790-3D3F-A06A-2E5CBA2B2F2E} = {C0C618DD-D790-3D3F-A06A-2E5CBA2B2F2E}
	EndProjectSection
EndProject
Project("{8BC9CEB8-8B4A-11D0-8D11-00A0C91BC942}") = "imgdecoder-stb", "components\imgdecoder-stb\imgdecoder-stb.vcproj", "{9124605F-BA70-39A5-B328-D3E0AB8394B9}"
EndProject
Project("{8BC9CEB8-8B4A-11D0-8D11-00A0C91BC942}") = "imgdecoder-png", "components\imgdecoder-png\imgdecoder-png.vcproj", "{23906275-83F9-334F-8C01-223457796F71}"
	ProjectSection(ProjectDependencies) = postProject
		{70DF9119-E171-3EAC-90BD-D844577CBF15} = {70DF9119-E171-3EAC-90BD-D844577CBF15}
		{C0C618DD-D790-3D3F-A06A-2E5CBA2B2F2E} = {C0C618DD-D790-3D3F-A06A-2E5CBA2B2F2E}
	EndProjectSection
EndProject
Project("{8BC9CEB8-8B4A-11D0-8D11-00A0C91BC942}") = "imgdecoder-gdip", "components\imgdecoder-gdip\imgdecoder-gdip.vcproj", "{D961AEEF-FB0D-3127-9958-AD12584FEE40}"
EndProject
Project("{8BC9CEB8-8B4A-11D0-8D11-00A0C91BC942}") = "scriptmodule-lua", "components\ScriptModule-LUA\scriptmodule-lua.vcproj", "{2C066C58-C598-3598-B42E-5930C429294D}"
	ProjectSection(ProjectDependencies) = postProject
		{34B93B0C-4469-3DFF-935F-234DAE93435C} = {34B93B0C-4469-3DFF-935F-234DAE93435C}
		{C61FBE81-669D-36D2-B56D-AE6D8752DC39} = {C61FBE81-669D-36D2-B56D-AE6D8752DC39}
	EndProjectSection
EndProject
Project("{8BC9CEB8-8B4A-11D0-8D11-00A0C91BC942}") = "log4z", "components\log4z\log4z.vcproj", "{11764333-7133-361D-A4D1-713B0A0B8842}"
EndProject
Project("{8BC9CEB8-8B4A-11D0-8D11-00A0C91BC942}") = "demo", "demo\demo.vcproj", "{50DB50E8-B8E7-380B-9E32-D034EFD29D80}"
	ProjectSection(ProjectDependencies) = postProject
		{34B93B0C-4469-3DFF-935F-234DAE93435C} = {34B93B0C-4469-3DFF-935F-234DAE93435C}
		{246A9B17-C110-3FC0-9617-289A9D1B1937} = {246A9B17-C110-3FC0-9617-289A9D1B1937}
		{96954A2E-CEE8-38BB-A476-71E1E8897FC6} = {96954A2E-CEE8-38BB-A476-71E1E8897FC6}
		{AF6A7E56-E412-302E-ADA7-066FE61C80CD} = {AF6A7E56-E412-302E-ADA7-066FE61C80CD}
		{2C066C58-C598-3598-B42E-5930C429294D} = {2C066C58-C598-3598-B42E-5930C429294D}
		{9124605F-BA70-39A5-B328-D3E0AB8394B9} = {9124605F-BA70-39A5-B328-D3E0AB8394B9}
		{9F31D665-4008-388B-B513-458599117EE4} = {9F31D665-4008-388B-B513-458599117EE4}
		{48746C6E-B8A6-39BC-9149-79FF3E32B718} = {48746C6E-B8A6-39BC-9149-79FF3E32B718}
		{23906275-83F9-334F-8C01-223457796F71} = {23906275-83F9-334F-8C01-223457796F71}
		{F9070D9A-8209-3C94-83D7-FDC38EC69495} = {F9070D9A-8209-3C94-83D7-FDC38EC69495}
		{A7B2F3C9-B7A2-3C5F-9C8E-190F816D089F} = {A7B2F3C9-B7A2-3C5F-9C8E-190F816D089F}
		{D961AEEF-FB0D-3127-9958-AD12584FEE40} = {D961AEEF-FB0D-3127-9958-AD12584FEE40}
		{0A95D2F5-81CF-36FD-9653-9356D4D8974A} = {0A95D2F5-81CF-36FD-9653-9356D4D8974A}
	EndProjectSection
EndProject
Project("{2150E333-8FDC-42A3-9474-1A3956D46DE8}") = "demos", "demos", "{BF356269-06FC-400F-A653-FA6F9404A5DE}"
EndProject
Project("{2150E333-8FDC-42A3-9474-1A3956D46DE8}") = "components", "components", "{7E3A1493-014C-436A-8A0B-FD579ADA6531}"
EndProject
Project("{2150E333-8FDC-42A3-9474-1A3956D46DE8}") = "third-part", "third-part", "{DAD1DC0E-CD4D-4D50-944F-3345541043CC}"
EndProject
Project("{2150E333-8FDC-42A3-9474-1A3956D46DE8}") = "imgdecoder", "imgdecoder", "{E22EC8FD-71BB-4904-B623-F9C9A7E805BD}"
EndProject
Project("{2150E333-8FDC-42A3-9474-1A3956D46DE8}") = "render", "render", "{F1E33A5E-A347-40F8-A34A-5EB534D84C77}"
EndProject
Project("{8BC9CEB8-8B4A-11D0-8D11-00A0C91BC942}") = "gtest", "third-part\gtest\gtest.vcproj", "{604242E0-34FB-3F34-A5CF-0236582184C1}"
EndProject
Project("{8BC9CEB8-8B4A-11D0-8D11-00A0C91BC942}") = "7z", "third-part\7z\7z.vcproj", "{26F48E3D-FD30-30BA-B450-C448DE4FBC9E}"
EndProject
Project("{8BC9CEB8-8B4A-11D0-8D11-00A0C91BC942}") = "resprovider-7zip", "components\resprovider-7zip\resprovider-7zip.vcproj", "{A7B2F3C9-B7A2-3C5F-9C8E-190F816D089F}"
	ProjectSection(ProjectDependencies) = postProject
		{1422B414-7C9C-3BFC-8659-0318FBB06CFA} = {1422B414-7C9C-3BFC-8659-0318FBB06CFA}
		{26F48E3D-FD30-30BA-B450-C448DE4FBC9E} = {26F48E3D-FD30-30BA-B450-C448DE4FBC9E}
	EndProjectSection
EndProject
Project("{8BC9CEB8-8B4A-11D0-8D11-00A0C91BC942}") = "soui-sys-resource", "soui-sys-resource\soui-sys-resource.vcproj", "{C783A0BF-9380-3AA3-BF8A-8C25B4F75EC8}"
EndProject
Project("{8BC9CEB8-8B4A-11D0-8D11-00A0C91BC942}") = "scintilla", "third-part\Scintilla\scintilla.vcproj", "{8E488E28-CB5B-3132-B76D-EA3B931AF3BE}"
EndProject
Project("{8BC9CEB8-8B4A-11D0-8D11-00A0C91BC942}") = "jsoncpp", "third-part\jsoncpp\jsoncpp.vcproj", "{F6840562-F985-39FB-8E10-1305BE60EB80}"
EndProject
Global
	GlobalSection(SolutionConfigurationPlatforms) = preSolution
		Debug|Win32 = Debug|Win32
		Release|Win32 = Release|Win32
	EndGlobalSection
	GlobalSection(ProjectConfigurationPlatforms) = postSolution
		{70DF9119-E171-3EAC-90BD-D844577CBF15}.Debug|Win32.ActiveCfg = Debug|Win32
		{70DF9119-E171-3EAC-90BD-D844577CBF15}.Debug|Win32.Build.0 = Debug|Win32
		{70DF9119-E171-3EAC-90BD-D844577CBF15}.Release|Win32.ActiveCfg = Release|Win32
		{70DF9119-E171-3EAC-90BD-D844577CBF15}.Release|Win32.Build.0 = Release|Win32
		{FD0B837B-0C5D-3A8F-9E96-5726231B7211}.Debug|Win32.ActiveCfg = Debug|Win32
		{FD0B837B-0C5D-3A8F-9E96-5726231B7211}.Debug|Win32.Build.0 = Debug|Win32
		{FD0B837B-0C5D-3A8F-9E96-5726231B7211}.Release|Win32.ActiveCfg = Release|Win32
		{FD0B837B-0C5D-3A8F-9E96-5726231B7211}.Release|Win32.Build.0 = Release|Win32
		{C0C618DD-D790-3D3F-A06A-2E5CBA2B2F2E}.Debug|Win32.ActiveCfg = Debug|Win32
		{C0C618DD-D790-3D3F-A06A-2E5CBA2B2F2E}.Debug|Win32.Build.0 = Debug|Win32
		{C0C618DD-D790-3D3F-A06A-2E5CBA2B2F2E}.Release|Win32.ActiveCfg = Release|Win32
		{C0C618DD-D790-3D3F-A06A-2E5CBA2B2F2E}.Release|Win32.Build.0 = Release|Win32
		{C61FBE81-669D-36D2-B56D-AE6D8752DC39}.Debug|Win32.ActiveCfg = Debug|Win32
		{C61FBE81-669D-36D2-B56D-AE6D8752DC39}.Debug|Win32.Build.0 = Debug|Win32
		{C61FBE81-669D-36D2-B56D-AE6D8752DC39}.Release|Win32.ActiveCfg = Release|Win32
		{C61FBE81-669D-36D2-B56D-AE6D8752DC39}.Release|Win32.Build.0 = Release|Win32
		{AF6A7E56-E412-302E-ADA7-066FE61C80CD}.Debug|Win32.ActiveCfg = Debug|Win32
		{AF6A7E56-E412-302E-ADA7-066FE61C80CD}.Debug|Win32.Build.0 = Debug|Win32
		{AF6A7E56-E412-302E-ADA7-066FE61C80CD}.Release|Win32.ActiveCfg = Release|Win32
		{AF6A7E56-E412-302E-ADA7-066FE61C80CD}.Release|Win32.Build.0 = Release|Win32
		{96954A2E-CEE8-38BB-A476-71E1E8897FC6}.Debug|Win32.ActiveCfg = Debug|Win32
		{96954A2E-CEE8-38BB-A476-71E1E8897FC6}.Debug|Win32.Build.0 = Debug|Win32
		{96954A2E-CEE8-38BB-A476-71E1E8897FC6}.Release|Win32.ActiveCfg = Release|Win32
		{96954A2E-CEE8-38BB-A476-71E1E8897FC6}.Release|Win32.Build.0 = Release|Win32
		{1422B414-7C9C-3BFC-8659-0318FBB06CFA}.Debug|Win32.ActiveCfg = Debug|Win32
		{1422B414-7C9C-3BFC-8659-0318FBB06CFA}.Debug|Win32.Build.0 = Debug|Win32
		{1422B414-7C9C-3BFC-8659-0318FBB06CFA}.Release|Win32.ActiveCfg = Release|Win32
		{1422B414-7C9C-3BFC-8659-0318FBB06CFA}.Release|Win32.Build.0 = Release|Win32
		{34B93B0C-4469-3DFF-935F-234DAE93435C}.Debug|Win32.ActiveCfg = Debug|Win32
		{34B93B0C-4469-3DFF-935F-234DAE93435C}.Debug|Win32.Build.0 = Debug|Win32
		{34B93B0C-4469-3DFF-935F-234DAE93435C}.Release|Win32.ActiveCfg = Release|Win32
		{34B93B0C-4469-3DFF-935F-234DAE93435C}.Release|Win32.Build.0 = Release|Win32
		{246A9B17-C110-3FC0-9617-289A9D1B1937}.Debug|Win32.ActiveCfg = Debug|Win32
		{246A9B17-C110-3FC0-9617-289A9D1B1937}.Debug|Win32.Build.0 = Debug|Win32
		{246A9B17-C110-3FC0-9617-289A9D1B1937}.Release|Win32.ActiveCfg = Release|Win32
		{246A9B17-C110-3FC0-9617-289A9D1B1937}.Release|Win32.Build.0 = Release|Win32
		{0A95D2F5-81CF-36FD-9653-9356D4D8974A}.Debug|Win32.ActiveCfg = Debug|Win32
		{0A95D2F5-81CF-36FD-9653-9356D4D8974A}.Debug|Win32.Build.0 = Debug|Win32
		{0A95D2F5-81CF-36FD-9653-9356D4D8974A}.Release|Win32.ActiveCfg = Release|Win32
		{0A95D2F5-81CF-36FD-9653-9356D4D8974A}.Release|Win32.Build.0 = Release|Win32
		{48746C6E-B8A6-39BC-9149-79FF3E32B718}.Debug|Win32.ActiveCfg = Debug|Win32
		{48746C6E-B8A6-39BC-9149-79FF3E32B718}.Debug|Win32.Build.0 = Debug|Win32
		{48746C6E-B8A6-39BC-9149-79FF3E32B718}.Release|Win32.ActiveCfg = Release|Win32
		{48746C6E-B8A6-39BC-9149-79FF3E32B718}.Release|Win32.Build.0 = Release|Win32
		{9F31D665-4008-388B-B513-458599117EE4}.Debug|Win32.ActiveCfg = Debug|Win32
		{9F31D665-4008-388B-B513-458599117EE4}.Debug|Win32.Build.0 = Debug|Win32
		{9F31D665-4008-388B-B513-458599117EE4}.Release|Win32.ActiveCfg = Release|Win32
		{9F31D665-4008-388B-B513-458599117EE4}.Release|Win32.Build.0 = Release|Win32
		{F9070D9A-8209-3C94-83D7-FDC38EC69495}.Debug|Win32.ActiveCfg = Debug|Win32
		{F9070D9A-8209-3C94-83D7-FDC38EC69495}.Debug|Win32.Build.0 = Debug|Win32
		{F9070D9A-8209-3C94-83D7-FDC38EC69495}.Release|Win32.ActiveCfg = Release|Win32
		{F9070D9A-8209-3C94-83D7-FDC38EC69495}.Release|Win32.Build.0 = Release|Win32
		{9124605F-BA70-39A5-B328-D3E0AB8394B9}.Debug|Win32.ActiveCfg = Debug|Win32
		{9124605F-BA70-39A5-B328-D3E0AB8394B9}.Debug|Win32.Build.0 = Debug|Win32
		{9124605F-BA70-39A5-B328-D3E0AB8394B9}.Release|Win32.ActiveCfg = Release|Win32
		{9124605F-BA70-39A5-B328-D3E0AB8394B9}.Release|Win32.Build.0 = Release|Win32
		{23906275-83F9-334F-8C01-223457796F71}.Debug|Win32.ActiveCfg = Debug|Win32
		{23906275-83F9-334F-8C01-223457796F71}.Debug|Win32.Build.0 = Debug|Win32
		{23906275-83F9-334F-8C01-223457796F71}.Release|Win32.ActiveCfg = Release|Win32
		{23906275-83F9-334F-8C01-223457796F71}.Release|Win32.Build.0 = Release|Win32
		{D961AEEF-FB0D-3127-9958-AD12584FEE40}.Debug|Win32.ActiveCfg = Debug|Win32
		{D961AEEF-FB0D-3127-9958-AD12584FEE40}.Debug|Win32.Build.0 = Debug|Win32
		{D961AEEF-FB0D-3127-9958-AD12584FEE40}.Release|Win32.ActiveCfg = Release|Win32
		{D961AEEF-FB0D-3127-9958-AD12584FEE40}.Release|Win32.Build.0 = Release|Win32
		{2C066C58-C598-3598-B42E-5930C429294D}.Debug|Win32.ActiveCfg = Debug|Win32
		{2C066C58-C598-3598-B42E-5930C429294D}.Debug|Win32.Build.0 = Debug|Win32
		{2C066C58-C598-3598-B42E-5930C429294D}.Release|Win32.ActiveCfg = Release|Win32
		{2C066C58-C598-3598-B42E-5930C429294D}.Release|Win32.Build.0 = Release|Win32
		{11764333-7133-361D-A4D1-713B0A0B8842}.Debug|Win32.ActiveCfg = Debug|Win32
		{11764333-7133-361D-A4D1-713B0A0B8842}.Debug|Win32.Build.0 = Debug|Win32
		{11764333-7133-361D-A4D1-713B0A0B8842}.Release|Win32.ActiveCfg = Release|Win32
		{11764333-7133-361D-A4D1-713B0A0B8842}.Release|Win32.Build.0 = Release|Win32
		{50DB50E8-B8E7-380B-9E32-D034EFD29D80}.Debug|Win32.ActiveCfg = Debug|Win32
		{50DB50E8-B8E7-380B-9E32-D034EFD29D80}.Debug|Win32.Build.0 = Debug|Win32
		{50DB50E8-B8E7-380B-9E32-D034EFD29D80}.Release|Win32.ActiveCfg = Release|Win32
		{50DB50E8-B8E7-380B-9E32-D034EFD29D80}.Release|Win32.Build.0 = Release|Win32
		{604242E0-34FB-3F34-A5CF-0236582184C1}.Debug|Win32.ActiveCfg = Debug|Win32
		{604242E0-34FB-3F34-A5CF-0236582184C1}.Debug|Win32.Build.0 = Debug|Win32
		{604242E0-34FB-3F34-A5CF-0236582184C1}.Release|Win32.ActiveCfg = Release|Win32
		{604242E0-34FB-3F34-A5CF-0236582184C1}.Release|Win32.Build.0 = Release|Win32
		{26F48E3D-FD30-30BA-B450-C448DE4FBC9E}.Debug|Win32.ActiveCfg = Debug|Win32
		{26F48E3D-FD30-30BA-B450-C448DE4FBC9E}.Debug|Win32.Build.0 = Debug|Win32
		{26F48E3D-FD30-30BA-B450-C448DE4FBC9E}.Release|Win32.ActiveCfg = Release|Win32
		{26F48E3D-FD30-30BA-B450-C448DE4FBC9E}.Release|Win32.Build.0 = Release|Win32
		{A7B2F3C9-B7A2-3C5F-9C8E-190F816D089F}.Debug|Win32.ActiveCfg = Debug|Win32
		{A7B2F3C9-B7A2-3C5F-9C8E-190F816D089F}.Debug|Win32.Build.0 = Debug|Win32
		{A7B2F3C9-B7A2-3C5F-9C8E-190F816D089F}.Release|Win32.ActiveCfg = Release|Win32
		{A7B2F3C9-B7A2-3C5F-9C8E-190F816D089F}.Release|Win32.Build.0 = Release|Win32
		{C783A0BF-9380-3AA3-BF8A-8C25B4F75EC8}.Debug|Win32.ActiveCfg = Debug|Win32
		{C783A0BF-9380-3AA3-BF8A-8C25B4F75EC8}.Debug|Win32.Build.0 = Debug|Win32
		{C783A0BF-9380-3AA3-BF8A-8C25B4F75EC8}.Release|Win32.ActiveCfg = Release|Win32
		{C783A0BF-9380-3AA3-BF8A-8C25B4F75EC8}.Release|Win32.Build.0 = Release|Win32
		{8E488E28-CB5B-3132-B76D-EA3B931AF3BE}.Debug|Win32.ActiveCfg = Debug|Win32
		{8E488E28-CB5B-3132-B76D-EA3B931AF3BE}.Debug|Win32.Build.0 = Debug|Win32
		{8E488E28-CB5B-3132-B76D-EA3B931AF3BE}.Release|Win32.ActiveCfg = Release|Win32
		{8E488E28-CB5B-3132-B76D-EA3B931AF3BE}.Release|Win32.Build.0 = Release|Win32
		{F6840562-F985-39FB-8E10-1305BE60EB80}.Debug|Win32.ActiveCfg = Debug|Win32
		{F6840562-F985-39FB-8E10-1305BE60EB80}.Debug|Win32.Build.0 = Debug|Win32
		{F6840562-F985-39FB-8E10-1305BE60EB80}.Release|Win32.ActiveCfg = Release|Win32
		{F6840562-F985-39FB-8E10-1305BE60EB80}.Release|Win32.Build.0 = Release|Win32
	EndGlobalSection
	GlobalSection(SolutionProperties) = preSolution
		HideSolutionNode = FALSE
	EndGlobalSection
	GlobalSection(NestedProjects) = preSolution
		{FD0B837B-0C5D-3A8F-9E96-5726231B7211} = {DAD1DC0E-CD4D-4D50-944F-3345541043CC}
		{C0C618DD-D790-3D3F-A06A-2E5CBA2B2F2E} = {DAD1DC0E-CD4D-4D50-944F-3345541043CC}
		{C61FBE81-669D-36D2-B56D-AE6D8752DC39} = {DAD1DC0E-CD4D-4D50-944F-3345541043CC}
		{AF6A7E56-E412-302E-ADA7-066FE61C80CD} = {DAD1DC0E-CD4D-4D50-944F-3345541043CC}
		{96954A2E-CEE8-38BB-A476-71E1E8897FC6} = {DAD1DC0E-CD4D-4D50-944F-3345541043CC}
		{70DF9119-E171-3EAC-90BD-D844577CBF15} = {DAD1DC0E-CD4D-4D50-944F-3345541043CC}
		{604242E0-34FB-3F34-A5CF-0236582184C1} = {DAD1DC0E-CD4D-4D50-944F-3345541043CC}
		{26F48E3D-FD30-30BA-B450-C448DE4FBC9E} = {DAD1DC0E-CD4D-4D50-944F-3345541043CC}
		{8E488E28-CB5B-3132-B76D-EA3B931AF3BE} = {DAD1DC0E-CD4D-4D50-944F-3345541043CC}
		{F6840562-F985-39FB-8E10-1305BE60EB80} = {DAD1DC0E-CD4D-4D50-944F-3345541043CC}
		{F1E33A5E-A347-40F8-A34A-5EB534D84C77} = {7E3A1493-014C-436A-8A0B-FD579ADA6531}
		{9F31D665-4008-388B-B513-458599117EE4} = {7E3A1493-014C-436A-8A0B-FD579ADA6531}
		{F9070D9A-8209-3C94-83D7-FDC38EC69495} = {7E3A1493-014C-436A-8A0B-FD579ADA6531}
		{E22EC8FD-71BB-4904-B623-F9C9A7E805BD} = {7E3A1493-014C-436A-8A0B-FD579ADA6531}
		{2C066C58-C598-3598-B42E-5930C429294D} = {7E3A1493-014C-436A-8A0B-FD579ADA6531}
		{11764333-7133-361D-A4D1-713B0A0B8842} = {7E3A1493-014C-436A-8A0B-FD579ADA6531}
		{A7B2F3C9-B7A2-3C5F-9C8E-190F816D089F} = {7E3A1493-014C-436A-8A0B-FD579ADA6531}
		{48746C6E-B8A6-39BC-9149-79FF3E32B718} = {F1E33A5E-A347-40F8-A34A-5EB534D84C77}
		{0A95D2F5-81CF-36FD-9653-9356D4D8974A} = {F1E33A5E-A347-40F8-A34A-5EB534D84C77}
		{23906275-83F9-334F-8C01-223457796F71} = {E22EC8FD-71BB-4904-B623-F9C9A7E805BD}
		{D961AEEF-FB0D-3127-9958-AD12584FEE40} = {E22EC8FD-71BB-4904-B623-F9C9A7E805BD}
		{246A9B17-C110-3FC0-9617-289A9D1B1937} = {E22EC8FD-71BB-4904-B623-F9C9A7E805BD}
		{9124605F-BA70-39A5-B328-D3E0AB8394B9} = {E22EC8FD-71BB-4904-B623-F9C9A7E805BD}
		{50DB50E8-B8E7-380B-9E32-D034EFD29D80} = {BF356269-06FC-400F-A653-FA6F9404A5DE}
	EndGlobalSection
EndGlobal
