<?xml version="1.0" encoding="utf-8"?>
<Project ToolsVersion="4.0" xmlns="http://schemas.microsoft.com/developer/msbuild/2003">
  <ItemGroup>
    <Filter Include="Header Files">
      <UniqueIdentifier>{93995380-89BD-4b04-88EB-625FBE52EBFB}</UniqueIdentifier>
      <Extensions>h;hpp;hxx;hm;inl;inc;xsd</Extensions>
    </Filter>
    <Filter Include="Header Files">
      <UniqueIdentifier>{93995380-89BD-4b04-88EB-625FBE52EBFB}</UniqueIdentifier>
      <Extensions>h;hpp;hxx;hm;inl;inc;xsd</Extensions>
    </Filter>
    <Filter Include="Source Files">
      <UniqueIdentifier>{4FC737F1-C7A5-4376-A066-2A32D752A2FF}</UniqueIdentifier>
      <Extensions>cpp;c;cxx;def;odl;idl;hpj;bat;asm;asmx</Extensions>
    </Filter>
    <Filter Include="Source Files">
      <UniqueIdentifier>{4FC737F1-C7A5-4376-A066-2A32D752A2FF}</UniqueIdentifier>
      <Extensions>cpp;c;cxx;def;odl;idl;hpj;bat;asm;asmx</Extensions>
    </Filter>
  </ItemGroup>
  <ItemGroup>
    <ClCompile Include="src\helper\SCriticalSection.cpp">
      <Filter>Source Files</Filter>
    </ClCompile>
    <ClCompile Include="src\gdialpha.cpp">
      <Filter>Source Files</Filter>
    </ClCompile>
    <ClCompile Include="src\pugixml\pugixml.cpp">
      <Filter>Source Files</Filter>
    </ClCompile>
    <ClCompile Include="src\sobject\sobject.cpp">
      <Filter>Source Files</Filter>
    </ClCompile>
    <ClCompile Include="src\soui_mem_wrapper.cpp">
      <Filter>Source Files</Filter>
    </ClCompile>
    <ClCompile Include="src\string\strcpcvt.cpp">
      <Filter>Source Files</Filter>
    </ClCompile>
    <ClCompile Include="src\trace.cpp">
      <Filter>Source Files</Filter>
    </ClCompile>
    <ClCompile Include="src\string\tstring.cpp">
      <Filter>Source Files</Filter>
    </ClCompile>
    <ClCompile Include="src\utilities.cpp">
      <Filter>Source Files</Filter>
    </ClCompile>
  </ItemGroup>
  <ItemGroup>
    <ClInclude Include="include\atl.mini\SComCli.h">
      <Filter>Header Files</Filter>
    </ClInclude>
    <ClInclude Include="include\atl.mini\SComHelper.h">
      <Filter>Header Files</Filter>
    </ClInclude>
    <ClInclude Include="include\helper\SCriticalSection.h">
      <Filter>Header Files</Filter>
    </ClInclude>
    <ClInclude Include="include\helper\SEmptyable.hpp">
      <Filter>Header Files</Filter>
    </ClInclude>
    <ClInclude Include="include\helper\SNoCopyable.hpp">
      <Filter>Header Files</Filter>
    </ClInclude>
    <ClInclude Include="include\helper\SSharedPtr.hpp">
      <Filter>Header Files</Filter>
    </ClInclude>
    <ClInclude Include="include\atl.mini\atldef.h">
      <Filter>Header Files</Filter>
    </ClInclude>
    <ClInclude Include="include\com-loader.hpp">
      <Filter>Header Files</Filter>
    </ClInclude>
    <ClInclude Include="include\gdialpha.h">
      <Filter>Header Files</Filter>
    </ClInclude>
    <ClInclude Include="include\wtl.mini\msgcrack.h">
      <Filter>Header Files</Filter>
    </ClInclude>
    <ClInclude Include="include\unknown\obj-ref-i.h">
      <Filter>Header Files</Filter>
    </ClInclude>
    <ClInclude Include="include\unknown\obj-ref-impl.hpp">
      <Filter>Header Files</Filter>
    </ClInclude>
    <ClInclude Include="include\pugixml\pugiconfig.hpp">
      <Filter>Header Files</Filter>
    </ClInclude>
    <ClInclude Include="include\pugixml\pugixml.hpp">
      <Filter>Header Files</Filter>
    </ClInclude>
    <ClInclude Include="include\snew.h">
      <Filter>Header Files</Filter>
    </ClInclude>
    <ClInclude Include="include\sobject\sobject-i.h">
      <Filter>Header Files</Filter>
    </ClInclude>
    <ClInclude Include="include\sobject\sobject-state-i.h">
      <Filter>Header Files</Filter>
    </ClInclude>
    <ClInclude Include="include\sobject\sobject-state-impl.hpp">
      <Filter>Header Files</Filter>
    </ClInclude>
    <ClInclude Include="include\sobject\sobject.hpp">
      <Filter>Header Files</Filter>
    </ClInclude>
    <ClInclude Include="include\soui_mem_wrapper.h">
      <Filter>Header Files</Filter>
    </ClInclude>
    <ClInclude Include="include\souicoll.h">
      <Filter>Header Files</Filter>
    </ClInclude>
    <ClInclude Include="include\wtl.mini\souimisc.h">
      <Filter>Header Files</Filter>
    </ClInclude>
    <ClInclude Include="include\string\strcpcvt.h">
      <Filter>Header Files</Filter>
    </ClInclude>
    <ClInclude Include="include\trace.h">
      <Filter>Header Files</Filter>
    </ClInclude>
    <ClInclude Include="include\string\tstring.h">
      <Filter>Header Files</Filter>
    </ClInclude>
    <ClInclude Include="include\utilities-def.h">
      <Filter>Header Files</Filter>
    </ClInclude>
    <ClInclude Include="include\utilities.h">
      <Filter>Header Files</Filter>
    </ClInclude>
  </ItemGroup>
  <ItemGroup>
    <ResourceCompile Include="utilities.rc" />
  </ItemGroup>
</Project>