<?xml version="1.0" encoding="utf-8"?>
<Project ToolsVersion="4.0" xmlns="http://schemas.microsoft.com/developer/msbuild/2003">
  <ItemGroup>
    <Filter Include="Generated Files">
      <UniqueIdentifier>{71ED8ED8-ACB9-4CE9-BBE1-E00B30144E11}</UniqueIdentifier>
      <Extensions>cpp;c;cxx;moc;h;def;odl;idl;res;</Extensions>
    </Filter>
    <Filter Include="Generated Files">
      <UniqueIdentifier>{71ED8ED8-ACB9-4CE9-BBE1-E00B30144E11}</UniqueIdentifier>
      <Extensions>cpp;c;cxx;moc;h;def;odl;idl;res;</Extensions>
    </Filter>
    <Filter Include="Header Files">
      <UniqueIdentifier>{93995380-89BD-4b04-88EB-625FBE52EBFB}</UniqueIdentifier>
      <Extensions>h;hpp;hxx;hm;inl;inc;xsd</Extensions>
    </Filter>
    <Filter Include="Header Files">
      <UniqueIdentifier>{93995380-89BD-4b04-88EB-625FBE52EBFB}</UniqueIdentifier>
      <Extensions>h;hpp;hxx;hm;inl;inc;xsd</Extensions>
    </Filter>
    <Filter Include="Source Files">
      <UniqueIdentifier>{4FC737F1-C7A5-4376-A066-2A32D752A2FF}</UniqueIdentifier>
      <Extensions>cpp;c;cxx;def;odl;idl;hpj;bat;asm;asmx</Extensions>
    </Filter>
    <Filter Include="Source Files">
      <UniqueIdentifier>{4FC737F1-C7A5-4376-A066-2A32D752A2FF}</UniqueIdentifier>
      <Extensions>cpp;c;cxx;def;odl;idl;hpj;bat;asm;asmx</Extensions>
    </Filter>
  </ItemGroup>
  <ItemGroup>
    <ClCompile Include="src\core\Accelerator.cpp">
      <Filter>Source Files</Filter>
    </ClCompile>
    <ClCompile Include="src\helper\AppDir.cpp">
      <Filter>Source Files</Filter>
    </ClCompile>
    <ClCompile Include="src\helper\DragWnd.cpp">
      <Filter>Source Files</Filter>
    </ClCompile>
    <ClCompile Include="src\event\EventSet.cpp">
      <Filter>Source Files</Filter>
    </ClCompile>
    <ClCompile Include="src\core\FocusManager.cpp">
      <Filter>Source Files</Filter>
    </ClCompile>
    <ClCompile Include="src\helper\MemDC.cpp">
      <Filter>Source Files</Filter>
    </ClCompile>
    <ClCompile Include="src\helper\MenuWndHook.cpp">
      <Filter>Source Files</Filter>
    </ClCompile>
    <ClCompile Include="src\event\NotifyCenter.cpp">
      <Filter>Source Files</Filter>
    </ClCompile>
    <ClCompile Include="src\msaa\SAccProxyCmnCtrl.cpp">
      <Filter>Source Files</Filter>
    </ClCompile>
    <ClCompile Include="src\msaa\SAccProxyWindow.cpp">
      <Filter>Source Files</Filter>
    </ClCompile>
    <ClCompile Include="src\control\SActiveX.cpp">
      <Filter>Source Files</Filter>
    </ClCompile>
    <ClCompile Include="src\SApp.cpp">
      <Filter>Source Files</Filter>
    </ClCompile>
    <ClCompile Include="src\activex\SAxContainer.cpp">
      <Filter>Source Files</Filter>
    </ClCompile>
    <ClCompile Include="src\activex\SBStr.cpp">
      <Filter>Source Files</Filter>
    </ClCompile>
    <ClCompile Include="src\control\SCalendar.cpp">
      <Filter>Source Files</Filter>
    </ClCompile>
    <ClCompile Include="src\control\SCaption.cpp">
      <Filter>Source Files</Filter>
    </ClCompile>
    <ClCompile Include="src\control\SCmnCtrl.cpp">
      <Filter>Source Files</Filter>
    </ClCompile>
    <ClCompile Include="src\control\SComboBase.cpp">
      <Filter>Source Files</Filter>
    </ClCompile>
    <ClCompile Include="src\control\SComboBox.cpp">
      <Filter>Source Files</Filter>
    </ClCompile>
    <ClCompile Include="src\control\SComboView.cpp">
      <Filter>Source Files</Filter>
    </ClCompile>
    <ClCompile Include="src\control\SDateTimePicker.cpp">
      <Filter>Source Files</Filter>
    </ClCompile>
    <ClCompile Include="src\res.mgr\SDpiAwareFont.cpp">
      <Filter>Source Files</Filter>
    </ClCompile>
    <ClCompile Include="src\control\SDropDown.cpp">
      <Filter>Source Files</Filter>
    </ClCompile>
    <ClCompile Include="src\core\SDropTargetDispatcher.cpp">
      <Filter>Source Files</Filter>
    </ClCompile>
    <ClCompile Include="src\res.mgr\SFontPool.cpp">
      <Filter>Source Files</Filter>
    </ClCompile>
    <ClCompile Include="src\layout\SGridLayout.cpp">
      <Filter>Source Files</Filter>
    </ClCompile>
    <ClCompile Include="src\control\SHeaderCtrl.cpp">
      <Filter>Source Files</Filter>
    </ClCompile>
    <ClCompile Include="src\core\SHostDialog.cpp">
      <Filter>Source Files</Filter>
    </ClCompile>
    <ClCompile Include="src\control\SHotKeyCtrl.cpp">
      <Filter>Source Files</Filter>
    </ClCompile>
    <ClCompile Include="src\animator\SInterpolatorImpl.cpp">
      <Filter>Source Files</Filter>
    </ClCompile>
    <ClCompile Include="src\core\SItemPanel.cpp">
      <Filter>Source Files</Filter>
    </ClCompile>
    <ClCompile Include="src\layout\SLayoutSize.cpp">
      <Filter>Source Files</Filter>
    </ClCompile>
    <ClCompile Include="src\layout\SLinearLayout.cpp">
      <Filter>Source Files</Filter>
    </ClCompile>
    <ClCompile Include="src\control\SListCtrl.cpp">
      <Filter>Source Files</Filter>
    </ClCompile>
    <ClCompile Include="src\control\SListView.cpp">
      <Filter>Source Files</Filter>
    </ClCompile>
    <ClCompile Include="src\helper\SListViewItemLocator.cpp">
      <Filter>Source Files</Filter>
    </ClCompile>
    <ClCompile Include="src\control\SListbox.cpp">
      <Filter>Source Files</Filter>
    </ClCompile>
    <ClCompile Include="src\control\SMcListView.cpp">
      <Filter>Source Files</Filter>
    </ClCompile>
    <ClCompile Include="src\helper\SMenu.cpp">
      <Filter>Source Files</Filter>
    </ClCompile>
    <ClCompile Include="src\control\SMenuBar.cpp">
      <Filter>Source Files</Filter>
    </ClCompile>
    <ClCompile Include="src\control\SMessageBox.cpp">
      <Filter>Source Files</Filter>
    </ClCompile>
    <ClCompile Include="src\core\SMsgLoop.cpp">
      <Filter>Source Files</Filter>
    </ClCompile>
    <ClCompile Include="src\res.mgr\SNamedValue.cpp">
      <Filter>Source Files</Filter>
    </ClCompile>
    <ClCompile Include="src\res.mgr\SObjDefAttr.cpp">
      <Filter>Source Files</Filter>
    </ClCompile>
    <ClCompile Include="src\core\SObjectFactory.cpp">
      <Filter>Source Files</Filter>
    </ClCompile>
    <ClCompile Include="src\core\SPanel.cpp">
      <Filter>Source Files</Filter>
    </ClCompile>
    <ClCompile Include="src\control\SRealWnd.cpp">
      <Filter>Source Files</Filter>
    </ClCompile>
    <ClCompile Include="src\res.mgr\SResProvider.cpp">
      <Filter>Source Files</Filter>
    </ClCompile>
    <ClCompile Include="src\res.mgr\SResProviderMgr.cpp">
      <Filter>Source Files</Filter>
    </ClCompile>
    <ClCompile Include="src\control\SRichEdit.cpp">
      <Filter>Source Files</Filter>
    </ClCompile>
    <ClCompile Include="src\helper\SScriptTimer.cpp">
      <Filter>Source Files</Filter>
    </ClCompile>
    <ClCompile Include="src\control\SScrollbar.cpp">
      <Filter>Source Files</Filter>
    </ClCompile>
    <ClCompile Include="src\core\SSkin.cpp">
      <Filter>Source Files</Filter>
    </ClCompile>
    <ClCompile Include="src\res.mgr\SSkinPool.cpp">
      <Filter>Source Files</Filter>
    </ClCompile>
    <ClCompile Include="src\control\SSliderBar.cpp">
      <Filter>Source Files</Filter>
    </ClCompile>
    <ClCompile Include="src\control\SSpinButtonCtrl.cpp">
      <Filter>Source Files</Filter>
    </ClCompile>
    <ClCompile Include="src\control\SSplitWnd.cpp">
      <Filter>Source Files</Filter>
    </ClCompile>
    <ClCompile Include="src\res.mgr\SStylePool.cpp">
      <Filter>Source Files</Filter>
    </ClCompile>
    <ClCompile Include="src\control\STabCtrl.cpp">
      <Filter>Source Files</Filter>
    </ClCompile>
    <ClCompile Include="src\control\STileView.cpp">
      <Filter>Source Files</Filter>
    </ClCompile>
    <ClCompile Include="src\helper\STileViewItemLocator.cpp">
      <Filter>Source Files</Filter>
    </ClCompile>
    <ClCompile Include="src\helper\STimerEx.cpp">
      <Filter>Source Files</Filter>
    </ClCompile>
    <ClCompile Include="src\control\STreeCtrl.cpp">
      <Filter>Source Files</Filter>
    </ClCompile>
    <ClCompile Include="src\control\STreeView.cpp">
      <Filter>Source Files</Filter>
    </ClCompile>
    <ClCompile Include="src\res.mgr\SUiDef.cpp">
      <Filter>Source Files</Filter>
    </ClCompile>
    <ClCompile Include="src\updatelayeredwindow\SUpdateLayeredWindow.cpp">
      <Filter>Source Files</Filter>
    </ClCompile>
    <ClCompile Include="src\core\SWindowMgr.cpp">
      <Filter>Source Files</Filter>
    </ClCompile>
    <ClCompile Include="src\core\SimpleWnd.cpp">
      <Filter>Source Files</Filter>
    </ClCompile>
    <ClCompile Include="src\layout\SouiLayout.cpp">
      <Filter>Source Files</Filter>
    </ClCompile>
    <ClCompile Include="src\core\Swnd.cpp">
      <Filter>Source Files</Filter>
    </ClCompile>
    <ClCompile Include="src\core\SwndAccessible.cpp">
      <Filter>Source Files</Filter>
    </ClCompile>
    <ClCompile Include="src\core\SwndContainerImpl.cpp">
      <Filter>Source Files</Filter>
    </ClCompile>
    <ClCompile Include="src\helper\SwndFinder.cpp">
      <Filter>Source Files</Filter>
    </ClCompile>
    <ClCompile Include="src\core\SwndStyle.cpp">
      <Filter>Source Files</Filter>
    </ClCompile>
    <ClCompile Include="src\core\scaret.cpp">
      <Filter>Source Files</Filter>
    </ClCompile>
    <ClCompile Include="src\helper\sdibhelper.cpp">
      <Filter>Source Files</Filter>
    </ClCompile>
    <ClCompile Include="src\helper\sdpiscale.cpp">
      <Filter>Source Files</Filter>
    </ClCompile>
    <ClCompile Include="src\core\shostwnd.cpp">
      <Filter>Source Files</Filter>
    </ClCompile>
    <ClCompile Include="src\helper\smatrix.cpp">
      <Filter>Source Files</Filter>
    </ClCompile>
    <ClCompile Include="src\helper\smenuex.cpp">
      <Filter>Source Files</Filter>
    </ClCompile>
    <ClCompile Include="src\helper\stooltip.cpp">
      <Filter>Source Files</Filter>
    </ClCompile>
  </ItemGroup>
  <ItemGroup>
    <ClInclude Include="include\core\Accelerator.h">
      <Filter>Header Files</Filter>
    </ClInclude>
    <ClInclude Include="include\helper\AppDir.h">
      <Filter>Header Files</Filter>
    </ClInclude>
    <ClInclude Include="include\helper\DragWnd.h">
      <Filter>Header Files</Filter>
    </ClInclude>
    <ClInclude Include="include\event\EventSet.h">
      <Filter>Header Files</Filter>
    </ClInclude>
    <ClInclude Include="include\event\EventSubscriber.h">
      <Filter>Header Files</Filter>
    </ClInclude>
    <ClInclude Include="include\event\Events.h">
      <Filter>Header Files</Filter>
    </ClInclude>
    <ClInclude Include="include\core\FocusManager.h">
      <Filter>Header Files</Filter>
    </ClInclude>
    <ClInclude Include="include\interface\LvItemLocator-i.h">
      <Filter>Header Files</Filter>
    </ClInclude>
    <ClInclude Include="include\helper\MemDC.h">
      <Filter>Header Files</Filter>
    </ClInclude>
    <ClInclude Include="include\helper\MenuWndHook.h">
      <Filter>Header Files</Filter>
    </ClInclude>
    <ClInclude Include="include\event\NotifyCenter.h">
      <Filter>Header Files</Filter>
    </ClInclude>
    <ClInclude Include="include\control\RealWndHandler-i.h">
      <Filter>Header Files</Filter>
    </ClInclude>
    <ClInclude Include="include\interface\SAccHelper-i.h">
      <Filter>Header Files</Filter>
    </ClInclude>
    <ClInclude Include="include\interface\SAccProxy-i.h">
      <Filter>Header Files</Filter>
    </ClInclude>
    <ClInclude Include="include\msaa\SAccProxyCmnCtrl.h">
      <Filter>Header Files</Filter>
    </ClInclude>
    <ClInclude Include="include\msaa\SAccProxyWindow.h">
      <Filter>Header Files</Filter>
    </ClInclude>
    <ClInclude Include="include\control\SActiveX.h">
      <Filter>Header Files</Filter>
    </ClInclude>
    <ClInclude Include="include\helper\SAdapterBase.h">
      <Filter>Header Files</Filter>
    </ClInclude>
    <ClInclude Include="include\SApp.h">
      <Filter>Header Files</Filter>
    </ClInclude>
    <ClInclude Include="include\helper\SAttrCracker.h">
      <Filter>Header Files</Filter>
    </ClInclude>
    <ClInclude Include="include\interface\SAttrStorage-i.h">
      <Filter>Header Files</Filter>
    </ClInclude>
    <ClInclude Include="src\activex\SAxContainer.h">
      <Filter>Header Files</Filter>
    </ClInclude>
    <ClInclude Include="src\activex\SAxUtil.h">
      <Filter>Header Files</Filter>
    </ClInclude>
    <ClInclude Include="include\activex\SBStr.h">
      <Filter>Header Files</Filter>
    </ClInclude>
    <ClInclude Include="include\control\SCalendar.h">
      <Filter>Header Files</Filter>
    </ClInclude>
    <ClInclude Include="include\control\SCaption.h">
      <Filter>Header Files</Filter>
    </ClInclude>
    <ClInclude Include="include\control\SCmnCtrl.h">
      <Filter>Header Files</Filter>
    </ClInclude>
    <ClInclude Include="include\control\SComboBase.h">
      <Filter>Header Files</Filter>
    </ClInclude>
    <ClInclude Include="include\control\SComboBox.h">
      <Filter>Header Files</Filter>
    </ClInclude>
    <ClInclude Include="include\control\SComboView.h">
      <Filter>Header Files</Filter>
    </ClInclude>
    <ClInclude Include="include\control\SDateTimePicker.h">
      <Filter>Header Files</Filter>
    </ClInclude>
    <ClInclude Include="include\core\SDefine.h">
      <Filter>Header Files</Filter>
    </ClInclude>
    <ClInclude Include="include\res.mgr\SDpiAwareFont.h">
      <Filter>Header Files</Filter>
    </ClInclude>
    <ClInclude Include="include\control\SDropDown.h">
      <Filter>Header Files</Filter>
    </ClInclude>
    <ClInclude Include="include\core\SDropTargetDispatcher.h">
      <Filter>Header Files</Filter>
    </ClInclude>
    <ClInclude Include="include\res.mgr\SFontPool.h">
      <Filter>Header Files</Filter>
    </ClInclude>
    <ClInclude Include="include\helper\SFunctor.hpp">
      <Filter>Header Files</Filter>
    </ClInclude>
    <ClInclude Include="include\layout\SGridLayout.h">
      <Filter>Header Files</Filter>
    </ClInclude>
    <ClInclude Include="include\layout\SGridLayoutParamStruct.h">
      <Filter>Header Files</Filter>
    </ClInclude>
    <ClInclude Include="include\control\SHeaderCtrl.h">
      <Filter>Header Files</Filter>
    </ClInclude>
    <ClInclude Include="include\core\SHostDialog.h">
      <Filter>Header Files</Filter>
    </ClInclude>
    <ClInclude Include="include\core\SHostWnd.h">
      <Filter>Header Files</Filter>
    </ClInclude>
    <ClInclude Include="include\control\SHotKeyCtrl.h">
      <Filter>Header Files</Filter>
    </ClInclude>
    <ClInclude Include="include\interface\SInterpolator-i.h">
      <Filter>Header Files</Filter>
    </ClInclude>
    <ClInclude Include="include\animator\SInterpolatorImpl.h">
      <Filter>Header Files</Filter>
    </ClInclude>
    <ClInclude Include="include\core\SItemPanel.h">
      <Filter>Header Files</Filter>
    </ClInclude>
    <ClInclude Include="include\layout\SLayoutSize.h">
      <Filter>Header Files</Filter>
    </ClInclude>
    <ClInclude Include="include\layout\SLinearLayout.h">
      <Filter>Header Files</Filter>
    </ClInclude>
    <ClInclude Include="include\layout\SLinearLayoutParamStruct.h">
      <Filter>Header Files</Filter>
    </ClInclude>
    <ClInclude Include="include\control\SListCtrl.h">
      <Filter>Header Files</Filter>
    </ClInclude>
    <ClInclude Include="include\control\SListView.h">
      <Filter>Header Files</Filter>
    </ClInclude>
    <ClInclude Include="include\helper\SListViewItemLocator.h">
      <Filter>Header Files</Filter>
    </ClInclude>
    <ClInclude Include="include\control\SListbox.h">
      <Filter>Header Files</Filter>
    </ClInclude>
    <ClInclude Include="include\control\SMcListView.h">
      <Filter>Header Files</Filter>
    </ClInclude>
    <ClInclude Include="include\helper\SMenu.h">
      <Filter>Header Files</Filter>
    </ClInclude>
    <ClInclude Include="include\control\SMenuBar.h">
      <Filter>Header Files</Filter>
    </ClInclude>
    <ClInclude Include="include\control\SMessageBox.h">
      <Filter>Header Files</Filter>
    </ClInclude>
    <ClInclude Include="include\core\SMsgLoop.h">
      <Filter>Header Files</Filter>
    </ClInclude>
    <ClInclude Include="include\res.mgr\SNamedValue.h">
      <Filter>Header Files</Filter>
    </ClInclude>
    <ClInclude Include="include\res.mgr\SObjDefAttr.h">
      <Filter>Header Files</Filter>
    </ClInclude>
    <ClInclude Include="include\core\SObjectFactory.h">
      <Filter>Header Files</Filter>
    </ClInclude>
    <ClInclude Include="include\core\SPanel.h">
      <Filter>Header Files</Filter>
    </ClInclude>
    <ClInclude Include="include\interface\SPathEffect-i.h">
      <Filter>Header Files</Filter>
    </ClInclude>
    <ClInclude Include="include\control\SRealWnd.h">
      <Filter>Header Files</Filter>
    </ClInclude>
    <ClInclude Include="include\helper\SResID.h">
      <Filter>Header Files</Filter>
    </ClInclude>
    <ClInclude Include="include\interface\SResProvider-i.h">
      <Filter>Header Files</Filter>
    </ClInclude>
    <ClInclude Include="include\res.mgr\SResProvider.h">
      <Filter>Header Files</Filter>
    </ClInclude>
    <ClInclude Include="include\res.mgr\SResProviderMgr.h">
      <Filter>Header Files</Filter>
    </ClInclude>
    <ClInclude Include="include\control\SRichEdit.h">
      <Filter>Header Files</Filter>
    </ClInclude>
    <ClInclude Include="include\interface\SScriptModule-i.h">
      <Filter>Header Files</Filter>
    </ClInclude>
    <ClInclude Include="include\helper\SScriptTimer.h">
      <Filter>Header Files</Filter>
    </ClInclude>
    <ClInclude Include="include\control\SScrollbar.h">
      <Filter>Header Files</Filter>
    </ClInclude>
    <ClInclude Include="include\core\SSingleton.h">
      <Filter>Header Files</Filter>
    </ClInclude>
    <ClInclude Include="include\core\SSingleton2.h">
      <Filter>Header Files</Filter>
    </ClInclude>
    <ClInclude Include="include\core\SSingletonMap.h">
      <Filter>Header Files</Filter>
    </ClInclude>
    <ClInclude Include="include\core\SSkin.h">
      <Filter>Header Files</Filter>
    </ClInclude>
    <ClInclude Include="include\core\SSkinObjBase.h">
      <Filter>Header Files</Filter>
    </ClInclude>
    <ClInclude Include="include\res.mgr\SSkinPool.h">
      <Filter>Header Files</Filter>
    </ClInclude>
    <ClInclude Include="include\interface\SSkinobj-i.h">
      <Filter>Header Files</Filter>
    </ClInclude>
    <ClInclude Include="include\control\SSliderBar.h">
      <Filter>Header Files</Filter>
    </ClInclude>
    <ClInclude Include="include\control\SSpinButtonCtrl.h">
      <Filter>Header Files</Filter>
    </ClInclude>
    <ClInclude Include="include\control\SSplitWnd.h">
      <Filter>Header Files</Filter>
    </ClInclude>
    <ClInclude Include="include\res.mgr\SStylePool.h">
      <Filter>Header Files</Filter>
    </ClInclude>
    <ClInclude Include="include\control\STabCtrl.h">
      <Filter>Header Files</Filter>
    </ClInclude>
    <ClInclude Include="include\interface\STaskLoop-i.h">
      <Filter>Header Files</Filter>
    </ClInclude>
    <ClInclude Include="include\control\STileView.h">
      <Filter>Header Files</Filter>
    </ClInclude>
    <ClInclude Include="include\helper\STileViewItemLocator.h">
      <Filter>Header Files</Filter>
    </ClInclude>
    <ClInclude Include="include\helper\STime.h">
      <Filter>Header Files</Filter>
    </ClInclude>
    <ClInclude Include="include\helper\STimerEx.h">
      <Filter>Header Files</Filter>
    </ClInclude>
    <ClInclude Include="include\helper\SToolTip.h">
      <Filter>Header Files</Filter>
    </ClInclude>
    <ClInclude Include="include\interface\STranslator-i.h">
      <Filter>Header Files</Filter>
    </ClInclude>
    <ClInclude Include="include\control\STreeCtrl.h">
      <Filter>Header Files</Filter>
    </ClInclude>
    <ClInclude Include="include\control\STreeView.h">
      <Filter>Header Files</Filter>
    </ClInclude>
    <ClInclude Include="include\res.mgr\SUiDef.h">
      <Filter>Header Files</Filter>
    </ClInclude>
    <ClInclude Include="src\updatelayeredwindow\SUpdateLayeredWindow.h">
      <Filter>Header Files</Filter>
    </ClInclude>
    <ClInclude Include="include\core\SWindowMgr.h">
      <Filter>Header Files</Filter>
    </ClInclude>
    <ClInclude Include="include\core\SimpleWnd.h">
      <Filter>Header Files</Filter>
    </ClInclude>
    <ClInclude Include="include\control\SouiCtrls.h">
      <Filter>Header Files</Filter>
    </ClInclude>
    <ClInclude Include="include\layout\SouiLayout.h">
      <Filter>Header Files</Filter>
    </ClInclude>
    <ClInclude Include="include\layout\SouiLayoutParamStruct.h">
      <Filter>Header Files</Filter>
    </ClInclude>
    <ClInclude Include="include\helper\SplitString.h">
      <Filter>Header Files</Filter>
    </ClInclude>
    <ClInclude Include="include\core\Swnd.h">
      <Filter>Header Files</Filter>
    </ClInclude>
    <ClInclude Include="include\core\SwndAccessible.h">
      <Filter>Header Files</Filter>
    </ClInclude>
    <ClInclude Include="include\core\SwndContainer-i.h">
      <Filter>Header Files</Filter>
    </ClInclude>
    <ClInclude Include="include\core\SwndContainerImpl.h">
      <Filter>Header Files</Filter>
    </ClInclude>
    <ClInclude Include="include\helper\SwndFinder.h">
      <Filter>Header Files</Filter>
    </ClInclude>
    <ClInclude Include="include\helper\SwndMsgCracker.h">
      <Filter>Header Files</Filter>
    </ClInclude>
    <ClInclude Include="include\core\SwndStyle.h">
      <Filter>Header Files</Filter>
    </ClInclude>
    <ClInclude Include="include\interface\TvItemLocator-i.h">
      <Filter>Header Files</Filter>
    </ClInclude>
    <ClInclude Include="include\interface\adapter-i.h">
      <Filter>Header Files</Filter>
    </ClInclude>
    <ClInclude Include="include\helper\auto_reset.h">
      <Filter>Header Files</Filter>
    </ClInclude>
    <ClInclude Include="include\helper\color.h">
      <Filter>Header Files</Filter>
    </ClInclude>
    <ClInclude Include="include\helper\copylist.hpp">
      <Filter>Header Files</Filter>
    </ClInclude>
    <ClInclude Include="include\event\eventcrack.h">
      <Filter>Header Files</Filter>
    </ClInclude>
    <ClInclude Include="include\activex\flash10t.tlh">
      <Filter>Header Files</Filter>
    </ClInclude>
    <ClInclude Include="include\activex\flash10t.tli">
      <Filter>Header Files</Filter>
    </ClInclude>
    <ClInclude Include="include\core\hostmsg.h">
      <Filter>Header Files</Filter>
    </ClInclude>
    <ClInclude Include="include\interface\imgdecoder-i.h">
      <Filter>Header Files</Filter>
    </ClInclude>
    <ClInclude Include="include\helper\mybuffer.h">
      <Filter>Header Files</Filter>
    </ClInclude>
    <ClInclude Include="include\interface\render-i.h">
      <Filter>Header Files</Filter>
    </ClInclude>
    <ClInclude Include="include\core\scaret.h">
      <Filter>Header Files</Filter>
    </ClInclude>
    <ClInclude Include="include\helper\sdibhelper.h">
      <Filter>Header Files</Filter>
    </ClInclude>
    <ClInclude Include="include\helper\sdpihelper.hpp">
      <Filter>Header Files</Filter>
    </ClInclude>
    <ClInclude Include="include\helper\sdpiscale.h">
      <Filter>Header Files</Filter>
    </ClInclude>
    <ClInclude Include="include\interface\slayout-i.h">
      <Filter>Header Files</Filter>
    </ClInclude>
    <ClInclude Include="include\helper\slog-def.h">
      <Filter>Header Files</Filter>
    </ClInclude>
    <ClInclude Include="include\interface\slog-i.h">
      <Filter>Header Files</Filter>
    </ClInclude>
    <ClInclude Include="include\helper\slog.h">
      <Filter>Header Files</Filter>
    </ClInclude>
    <ClInclude Include="include\helper\smatrix.h">
      <Filter>Header Files</Filter>
    </ClInclude>
    <ClInclude Include="include\helper\smenuex.h">
      <Filter>Header Files</Filter>
    </ClInclude>
    <ClInclude Include="include\soui-version.h">
      <Filter>Header Files</Filter>
    </ClInclude>
    <CustomBuild Include="include\souistd.h">
      <Filter>Header Files</Filter>
    </CustomBuild>
    <ClInclude Include="include\interface\stooltip-i.h">
      <Filter>Header Files</Filter>
    </ClInclude>
    <ClInclude Include="include\control\stree.hpp">
      <Filter>Header Files</Filter>
    </ClInclude>
    <ClInclude Include="include\helper\swndspy.h">
      <Filter>Header Files</Filter>
    </ClInclude>
    <ClInclude Include="include\helper\unknown.h">
      <Filter>Header Files</Filter>
    </ClInclude>
  </ItemGroup>
  <ItemGroup>
    <ClCompile Include="include\souistd.h.cpp">
      <Filter>Generated Files</Filter>
    </ClCompile>
  </ItemGroup>
  <ItemGroup>
    <ResourceCompile Include="soui.rc" />
  </ItemGroup>
</Project>