
Microsoft Visual Studio Solution File, Format Version 10.00
# Visual Studio 2008
Project("{8BC9CEB8-8B4A-11D0-8D11-00A0C91BC942}") = "wizard.setup", "wizard.setup.vcproj", "{024405BD-B704-45D2-8094-8385C84B2BBF}"
EndProject
Global
	GlobalSection(SolutionConfigurationPlatforms) = preSolution
		Debug|Win32 = Debug|Win32
		Release|Win32 = Release|Win32
	EndGlobalSection
	GlobalSection(ProjectConfigurationPlatforms) = postSolution
		{024405BD-B704-45D2-8094-8385C84B2BBF}.Debug|Win32.ActiveCfg = Debug|Win32
		{024405BD-B704-45D2-8094-8385C84B2BBF}.Debug|Win32.Build.0 = Debug|Win32
		{024405BD-B704-45D2-8094-8385C84B2BBF}.Release|Win32.ActiveCfg = Release|Win32
		{024405BD-B704-45D2-8094-8385C84B2BBF}.Release|Win32.Build.0 = Release|Win32
	EndGlobalSection
	GlobalSection(SolutionProperties) = preSolution
		HideSolutionNode = FALSE
	EndGlobalSection
EndGlobal
