Microsoft Visual Studio Solution File, Format Version 12.00
# Visual Studio 2013
Project("{8BC9CEB8-8B4A-11D0-8D11-00A0C91BC942}") = "gtest", "F:/Workspaces/GitHub/soui-local/third-part/gtest\gtest.vcxproj", "{DBE52ECB-1632-3690-9EC7-4148F2CEF3EC}"
EndProject
Project("{8BC9CEB8-8B4A-11D0-8D11-00A0C91BC942}") = "png", "F:/Workspaces/GitHub/soui-local/third-part/png\png.vcxproj", "{3F8DDE35-08D4-3B31-B932-8B3DAEBCB9E8}"
EndProject
Project("{8BC9CEB8-8B4A-11D0-8D11-00A0C91BC942}") = "skia", "F:/Workspaces/GitHub/soui-local/third-part/skia\skia.vcxproj", "{F763A887-31EF-332B-AFEA-04DD43622BFD}"
EndProject
Project("{8BC9CEB8-8B4A-11D0-8D11-00A0C91BC942}") = "zlib", "F:/Workspaces/GitHub/soui-local/third-part/zlib\zlib.vcxproj", "{2016D1D3-1224-3A24-B577-F9FB8E968A74}"
EndProject
Project("{8BC9CEB8-8B4A-11D0-8D11-00A0C91BC942}") = "lua-52", "F:/Workspaces/GitHub/soui-local/third-part/lua-52\lua-52.vcxproj", "{18DB6402-F54C-3951-979E-A64857FC9948}"
EndProject
Project("{8BC9CEB8-8B4A-11D0-8D11-00A0C91BC942}") = "smiley", "F:/Workspaces/GitHub/soui-local/third-part/smiley\smiley.vcxproj", "{294D7EA5-B040-3805-9815-20AEB9ABADFC}"
EndProject
Project("{8BC9CEB8-8B4A-11D0-8D11-00A0C91BC942}") = "mhook", "F:/Workspaces/GitHub/soui-local/third-part/mhook\mhook.vcxproj", "{E7C4F2A4-E52B-372A-83FC-CF672EF70276}"
EndProject
Project("{8BC9CEB8-8B4A-11D0-8D11-00A0C91BC942}") = "7z", "F:/Workspaces/GitHub/soui-local/third-part/7z\7z.vcxproj", "{B0EE68E2-C684-33A6-A6F4-C751BC61CB5F}"
EndProject
Project("{8BC9CEB8-8B4A-11D0-8D11-00A0C91BC942}") = "scintilla", "F:/Workspaces/GitHub/soui-local/third-part/scintilla\scintilla.vcxproj", "{F8379A8B-76AF-3F6D-9F5E-4FB37EA71A0A}"
EndProject
Project("{8BC9CEB8-8B4A-11D0-8D11-00A0C91BC942}") = "sqlite3", "F:/Workspaces/GitHub/soui-local/third-part/sqlite3\sqlite3.vcxproj", "{35CDDF7C-0FE4-3349-8D1A-75080C8043C7}"
EndProject
Project("{8BC9CEB8-8B4A-11D0-8D11-00A0C91BC942}") = "jsoncpp", "F:/Workspaces/GitHub/soui-local/third-part/jsoncpp\jsoncpp.vcxproj", "{DF09706A-0C91-3E00-965A-56A9B4A16E2C}"
EndProject
Global
	GlobalSection(SolutionConfigurationPlatforms) = preSolution
		Debug|Win32 = Debug|Win32
		Release|Win32 = Release|Win32
	EndGlobalSection
	GlobalSection(ProjectConfigurationPlatforms) = postSolution
		{DBE52ECB-1632-3690-9EC7-4148F2CEF3EC}.Debug|Win32.ActiveCfg = Debug|Win32
		{DBE52ECB-1632-3690-9EC7-4148F2CEF3EC}.Debug|Win32.Build.0 = Debug|Win32
		{DBE52ECB-1632-3690-9EC7-4148F2CEF3EC}.Release|Win32.ActiveCfg = Release|Win32
		{DBE52ECB-1632-3690-9EC7-4148F2CEF3EC}.Release|Win32.Build.0 = Release|Win32
		{3F8DDE35-08D4-3B31-B932-8B3DAEBCB9E8}.Debug|Win32.ActiveCfg = Debug|Win32
		{3F8DDE35-08D4-3B31-B932-8B3DAEBCB9E8}.Debug|Win32.Build.0 = Debug|Win32
		{3F8DDE35-08D4-3B31-B932-8B3DAEBCB9E8}.Release|Win32.ActiveCfg = Release|Win32
		{3F8DDE35-08D4-3B31-B932-8B3DAEBCB9E8}.Release|Win32.Build.0 = Release|Win32
		{F763A887-31EF-332B-AFEA-04DD43622BFD}.Debug|Win32.ActiveCfg = Debug|Win32
		{F763A887-31EF-332B-AFEA-04DD43622BFD}.Debug|Win32.Build.0 = Debug|Win32
		{F763A887-31EF-332B-AFEA-04DD43622BFD}.Release|Win32.ActiveCfg = Release|Win32
		{F763A887-31EF-332B-AFEA-04DD43622BFD}.Release|Win32.Build.0 = Release|Win32
		{2016D1D3-1224-3A24-B577-F9FB8E968A74}.Debug|Win32.ActiveCfg = Debug|Win32
		{2016D1D3-1224-3A24-B577-F9FB8E968A74}.Debug|Win32.Build.0 = Debug|Win32
		{2016D1D3-1224-3A24-B577-F9FB8E968A74}.Release|Win32.ActiveCfg = Release|Win32
		{2016D1D3-1224-3A24-B577-F9FB8E968A74}.Release|Win32.Build.0 = Release|Win32
		{18DB6402-F54C-3951-979E-A64857FC9948}.Debug|Win32.ActiveCfg = Debug|Win32
		{18DB6402-F54C-3951-979E-A64857FC9948}.Debug|Win32.Build.0 = Debug|Win32
		{18DB6402-F54C-3951-979E-A64857FC9948}.Release|Win32.ActiveCfg = Release|Win32
		{18DB6402-F54C-3951-979E-A64857FC9948}.Release|Win32.Build.0 = Release|Win32
		{294D7EA5-B040-3805-9815-20AEB9ABADFC}.Debug|Win32.ActiveCfg = Debug|Win32
		{294D7EA5-B040-3805-9815-20AEB9ABADFC}.Debug|Win32.Build.0 = Debug|Win32
		{294D7EA5-B040-3805-9815-20AEB9ABADFC}.Release|Win32.ActiveCfg = Release|Win32
		{294D7EA5-B040-3805-9815-20AEB9ABADFC}.Release|Win32.Build.0 = Release|Win32
		{E7C4F2A4-E52B-372A-83FC-CF672EF70276}.Debug|Win32.ActiveCfg = Debug|Win32
		{E7C4F2A4-E52B-372A-83FC-CF672EF70276}.Debug|Win32.Build.0 = Debug|Win32
		{E7C4F2A4-E52B-372A-83FC-CF672EF70276}.Release|Win32.ActiveCfg = Release|Win32
		{E7C4F2A4-E52B-372A-83FC-CF672EF70276}.Release|Win32.Build.0 = Release|Win32
		{B0EE68E2-C684-33A6-A6F4-C751BC61CB5F}.Debug|Win32.ActiveCfg = Debug|Win32
		{B0EE68E2-C684-33A6-A6F4-C751BC61CB5F}.Debug|Win32.Build.0 = Debug|Win32
		{B0EE68E2-C684-33A6-A6F4-C751BC61CB5F}.Release|Win32.ActiveCfg = Release|Win32
		{B0EE68E2-C684-33A6-A6F4-C751BC61CB5F}.Release|Win32.Build.0 = Release|Win32
		{F8379A8B-76AF-3F6D-9F5E-4FB37EA71A0A}.Debug|Win32.ActiveCfg = Debug|Win32
		{F8379A8B-76AF-3F6D-9F5E-4FB37EA71A0A}.Debug|Win32.Build.0 = Debug|Win32
		{F8379A8B-76AF-3F6D-9F5E-4FB37EA71A0A}.Release|Win32.ActiveCfg = Release|Win32
		{F8379A8B-76AF-3F6D-9F5E-4FB37EA71A0A}.Release|Win32.Build.0 = Release|Win32
		{35CDDF7C-0FE4-3349-8D1A-75080C8043C7}.Debug|Win32.ActiveCfg = Debug|Win32
		{35CDDF7C-0FE4-3349-8D1A-75080C8043C7}.Debug|Win32.Build.0 = Debug|Win32
		{35CDDF7C-0FE4-3349-8D1A-75080C8043C7}.Release|Win32.ActiveCfg = Release|Win32
		{35CDDF7C-0FE4-3349-8D1A-75080C8043C7}.Release|Win32.Build.0 = Release|Win32
		{DF09706A-0C91-3E00-965A-56A9B4A16E2C}.Debug|Win32.ActiveCfg = Debug|Win32
		{DF09706A-0C91-3E00-965A-56A9B4A16E2C}.Debug|Win32.Build.0 = Debug|Win32
		{DF09706A-0C91-3E00-965A-56A9B4A16E2C}.Release|Win32.ActiveCfg = Release|Win32
		{DF09706A-0C91-3E00-965A-56A9B4A16E2C}.Release|Win32.Build.0 = Release|Win32
	EndGlobalSection
	GlobalSection(ExtensibilityGlobals) = postSolution
	EndGlobalSection
	GlobalSection(ExtensibilityAddIns) = postSolution
	EndGlobalSection
EndGlobal