<?xml version="1.0" encoding="utf-8"?>
<Project ToolsVersion="4.0" xmlns="http://schemas.microsoft.com/developer/msbuild/2003">
  <ItemGroup>
    <Filter Include="Generated Files">
      <UniqueIdentifier>{71ED8ED8-ACB9-4CE9-BBE1-E00B30144E11}</UniqueIdentifier>
      <Extensions>cpp;c;cxx;moc;h;def;odl;idl;res;</Extensions>
    </Filter>
    <Filter Include="Generated Files">
      <UniqueIdentifier>{71ED8ED8-ACB9-4CE9-BBE1-E00B30144E11}</UniqueIdentifier>
      <Extensions>cpp;c;cxx;moc;h;def;odl;idl;res;</Extensions>
    </Filter>
    <Filter Include="Header Files">
      <UniqueIdentifier>{93995380-89BD-4b04-88EB-625FBE52EBFB}</UniqueIdentifier>
      <Extensions>h;hpp;hxx;hm;inl;inc;xsd</Extensions>
    </Filter>
    <Filter Include="Header Files">
      <UniqueIdentifier>{93995380-89BD-4b04-88EB-625FBE52EBFB}</UniqueIdentifier>
      <Extensions>h;hpp;hxx;hm;inl;inc;xsd</Extensions>
    </Filter>
    <Filter Include="Source Files">
      <UniqueIdentifier>{4FC737F1-C7A5-4376-A066-2A32D752A2FF}</UniqueIdentifier>
      <Extensions>cpp;c;cxx;def;odl;idl;hpj;bat;asm;asmx</Extensions>
    </Filter>
    <Filter Include="Source Files">
      <UniqueIdentifier>{4FC737F1-C7A5-4376-A066-2A32D752A2FF}</UniqueIdentifier>
      <Extensions>cpp;c;cxx;def;odl;idl;hpj;bat;asm;asmx</Extensions>
    </Filter>
  </ItemGroup>
  <ItemGroup>
    <ClCompile Include="FormatMsgDlg.cpp">
      <Filter>Source Files</Filter>
    </ClCompile>
    <ClCompile Include="MainDlg.cpp">
      <Filter>Source Files</Filter>
    </ClCompile>
    <ClCompile Include="qrcode\QR_Encode.cpp">
      <Filter>Source Files</Filter>
    </ClCompile>
    <ClCompile Include="SAniWindow.cpp">
      <Filter>Source Files</Filter>
    </ClCompile>
    <ClCompile Include="SCheckBox2.cpp">
      <Filter>Source Files</Filter>
    </ClCompile>
    <ClCompile Include="..\controls.extend\SChromeTabCtrl.cpp">
      <Filter>Source Files</Filter>
    </ClCompile>
    <ClCompile Include="skin\SDemoSkin.cpp">
      <Filter>Source Files</Filter>
    </ClCompile>
    <ClCompile Include="..\controls.extend\SDocHostUIHandler.cpp">
      <Filter>Source Files</Filter>
    </ClCompile>
    <ClCompile Include="..\controls.extend\SFreeMoveWindow.cpp">
      <Filter>Source Files</Filter>
    </ClCompile>
    <ClCompile Include="..\controls.extend\gif\SGifPlayer.cpp">
      <Filter>Source Files</Filter>
    </ClCompile>
    <ClCompile Include="..\controls.extend\SMcListViewEx\SHeaderCtrlEx.cpp">
      <Filter>Source Files</Filter>
    </ClCompile>
    <ClCompile Include="SInterpolatorView.cpp">
      <Filter>Source Files</Filter>
    </ClCompile>
    <ClCompile Include="..\controls.extend\SMcListViewEx\SMCListViewEx.cpp">
      <Filter>Source Files</Filter>
    </ClCompile>
    <ClCompile Include="SPathView.cpp">
      <Filter>Source Files</Filter>
    </ClCompile>
    <ClCompile Include="qrcode\SQrCtrl.cpp">
      <Filter>Source Files</Filter>
    </ClCompile>
    <ClCompile Include="..\controls.extend\SRatingBar.cpp">
      <Filter>Source Files</Filter>
    </ClCompile>
    <ClCompile Include="trayicon\SShellNofityHwnd2.cpp">
      <Filter>Source Files</Filter>
    </ClCompile>
    <ClCompile Include="trayicon\SShellNotifyIcon.cpp">
      <Filter>Source Files</Filter>
    </ClCompile>
    <ClCompile Include="..\controls.extend\gif\SSkinAPNG.cpp">
      <Filter>Source Files</Filter>
    </ClCompile>
    <ClCompile Include="..\controls.extend\gif\SSkinGif.cpp">
      <Filter>Source Files</Filter>
    </ClCompile>
    <ClCompile Include="..\controls.extend\SSkinImgFrame3.cpp">
      <Filter>Source Files</Filter>
    </ClCompile>
    <ClCompile Include="skin\SSkinLoader.cpp">
      <Filter>Source Files</Filter>
    </ClCompile>
    <ClCompile Include="..\controls.extend\SMcListViewEx\STabCtrlHeaderBinder.cpp">
      <Filter>Source Files</Filter>
    </ClCompile>
    <ClCompile Include="..\controls.extend\SWkeWebkit.cpp">
      <Filter>Source Files</Filter>
    </ClCompile>
    <ClCompile Include="skin\SetSkinWnd2.cpp">
      <Filter>Source Files</Filter>
    </ClCompile>
    <ClCompile Include="SmileyCreateHook.cpp">
      <Filter>Source Files</Filter>
    </ClCompile>
    <ClCompile Include="..\controls.extend\reole\dataobject.cpp">
      <Filter>Source Files</Filter>
    </ClCompile>
    <ClCompile Include="demo.cpp">
      <Filter>Source Files</Filter>
    </ClCompile>
    <ClCompile Include="httpsvr\genericserver.cpp">
      <Filter>Source Files</Filter>
    </ClCompile>
    <ClCompile Include="httpsvr\httpserver.cpp">
      <Filter>Source Files</Filter>
    </ClCompile>
    <ClCompile Include="magnet\magnetframe.cpp">
      <Filter>Source Files</Filter>
    </ClCompile>
    <ClCompile Include="memflash.cpp">
      <Filter>Source Files</Filter>
    </ClCompile>
    <ClCompile Include="..\controls.extend\reole\richeditole.cpp">
      <Filter>Source Files</Filter>
    </ClCompile>
    <ClCompile Include="..\controls.extend\scalendar2.cpp">
      <Filter>Source Files</Filter>
    </ClCompile>
    <ClCompile Include="..\controls.extend\schatedit.cpp">
      <Filter>Source Files</Filter>
    </ClCompile>
    <ClCompile Include="clock\sclock.cpp">
      <Filter>Source Files</Filter>
    </ClCompile>
    <ClCompile Include="appledock\sdesktopdock.cpp">
      <Filter>Source Files</Filter>
    </ClCompile>
    <ClCompile Include="..\controls.extend\sfadeframe.cpp">
      <Filter>Source Files</Filter>
    </ClCompile>
    <ClCompile Include="..\controls.extend\siectrl.cpp">
      <Filter>Source Files</Filter>
    </ClCompile>
    <ClCompile Include="..\controls.extend\simagemaskwnd.cpp">
      <Filter>Source Files</Filter>
    </ClCompile>
    <ClCompile Include="..\controls.extend\sipaddressctrl.cpp">
      <Filter>Source Files</Filter>
    </ClCompile>
    <ClCompile Include="..\controls.extend\slistctrlex.cpp">
      <Filter>Source Files</Filter>
    </ClCompile>
    <ClCompile Include="smatrixwindow.cpp">
      <Filter>Source Files</Filter>
    </ClCompile>
    <ClCompile Include="..\controls.extend\sprogressring.cpp">
      <Filter>Source Files</Filter>
    </ClCompile>
    <ClCompile Include="..\controls.extend\propgrid\spropertygrid.cpp">
      <Filter>Source Files</Filter>
    </ClCompile>
    <ClCompile Include="..\controls.extend\propgrid\propitem\spropertyitem-color.cpp">
      <Filter>Source Files</Filter>
    </ClCompile>
    <ClCompile Include="..\controls.extend\propgrid\propitem\spropertyitem-option.cpp">
      <Filter>Source Files</Filter>
    </ClCompile>
    <ClCompile Include="..\controls.extend\propgrid\propitem\spropertyitem-size.cpp">
      <Filter>Source Files</Filter>
    </ClCompile>
    <ClCompile Include="..\controls.extend\propgrid\propitem\spropertyitem-text.cpp">
      <Filter>Source Files</Filter>
    </ClCompile>
    <ClCompile Include="..\controls.extend\propgrid\spropertyitembase.cpp">
      <Filter>Source Files</Filter>
    </ClCompile>
    <ClCompile Include="..\controls.extend\sradiobox2.cpp">
      <Filter>Source Files</Filter>
    </ClCompile>
    <ClCompile Include="..\controls.extend\sscrolltext.cpp">
      <Filter>Source Files</Filter>
    </ClCompile>
    <ClCompile Include="threadObject.cpp">
      <Filter>Source Files</Filter>
    </ClCompile>
    <ClCompile Include="..\controls.extend\tipwnd.cpp">
      <Filter>Source Files</Filter>
    </ClCompile>
    <ClCompile Include="uianimation\uianimationwnd.cpp">
      <Filter>Source Files</Filter>
    </ClCompile>
  </ItemGroup>
  <ItemGroup>
    <ClInclude Include="..\controls.extend\FileHelper.h">
      <Filter>Header Files</Filter>
    </ClInclude>
    <ClInclude Include="FormatMsgDlg.h">
      <Filter>Header Files</Filter>
    </ClInclude>
    <ClInclude Include="MainDlg.h">
      <Filter>Header Files</Filter>
    </ClInclude>
    <ClInclude Include="qrcode\QR_Encode.h">
      <Filter>Header Files</Filter>
    </ClInclude>
    <ClInclude Include="..\controls.extend\gif\SAniImgFrame.h">
      <Filter>Header Files</Filter>
    </ClInclude>
    <ClInclude Include="SAniWindow.h">
      <Filter>Header Files</Filter>
    </ClInclude>
    <ClInclude Include="SCheckBox2.h">
      <Filter>Header Files</Filter>
    </ClInclude>
    <ClInclude Include="..\controls.extend\SChromeTabCtrl.h">
      <Filter>Header Files</Filter>
    </ClInclude>
    <ClInclude Include="skin\SDemoSkin.h">
      <Filter>Header Files</Filter>
    </ClInclude>
    <ClInclude Include="..\controls.extend\SDocHostUIHandler.h">
      <Filter>Header Files</Filter>
    </ClInclude>
    <ClInclude Include="..\controls.extend\SFreeMoveWindow.h">
      <Filter>Header Files</Filter>
    </ClInclude>
    <ClInclude Include="..\controls.extend\gif\SGifPlayer.h">
      <Filter>Header Files</Filter>
    </ClInclude>
    <ClInclude Include="..\controls.extend\SMcListViewEx\SHeaderCtrlEx.h">
      <Filter>Header Files</Filter>
    </ClInclude>
    <ClInclude Include="SInterpolatorView.h">
      <Filter>Header Files</Filter>
    </ClInclude>
    <ClInclude Include="..\controls.extend\SMcListViewEx\SMcListViewEx.h">
      <Filter>Header Files</Filter>
    </ClInclude>
    <ClInclude Include="SPathView.h">
      <Filter>Header Files</Filter>
    </ClInclude>
    <ClInclude Include="..\controls.extend\propgrid\SPropertyGrid.h">
      <Filter>Header Files</Filter>
    </ClInclude>
    <ClInclude Include="qrcode\SQrCtrl.h">
      <Filter>Header Files</Filter>
    </ClInclude>
    <ClInclude Include="..\controls.extend\SRatingBar.h">
      <Filter>Header Files</Filter>
    </ClInclude>
    <ClInclude Include="trayicon\SShellNofityHwnd2.h">
      <Filter>Header Files</Filter>
    </ClInclude>
    <ClInclude Include="trayicon\SShellNotifyIcon.h">
      <Filter>Header Files</Filter>
    </ClInclude>
    <ClInclude Include="..\controls.extend\gif\SSkinAPNG.h">
      <Filter>Header Files</Filter>
    </ClInclude>
    <ClInclude Include="..\controls.extend\gif\SSkinGif.h">
      <Filter>Header Files</Filter>
    </ClInclude>
    <ClInclude Include="..\controls.extend\SSkinImgFrame3.h">
      <Filter>Header Files</Filter>
    </ClInclude>
    <ClInclude Include="skin\SSkinLoader.h">
      <Filter>Header Files</Filter>
    </ClInclude>
    <ClInclude Include="..\controls.extend\SSkinNewScrollbar.h">
      <Filter>Header Files</Filter>
    </ClInclude>
    <ClInclude Include="..\controls.extend\smiley\SSmileyCtrl.h">
      <Filter>Header Files</Filter>
    </ClInclude>
    <ClInclude Include="..\controls.extend\SMcListViewEx\STabCtrlHeaderBinder.h">
      <Filter>Header Files</Filter>
    </ClInclude>
    <ClInclude Include="..\controls.extend\SVscrollbar.h">
      <Filter>Header Files</Filter>
    </ClInclude>
    <ClInclude Include="..\controls.extend\SWkeWebkit.h">
      <Filter>Header Files</Filter>
    </ClInclude>
    <ClInclude Include="skin\SetSkinWnd2.h">
      <Filter>Header Files</Filter>
    </ClInclude>
    <ClInclude Include="SmileyCreateHook.h">
      <Filter>Header Files</Filter>
    </ClInclude>
    <ClInclude Include="adapter.h">
      <Filter>Header Files</Filter>
    </ClInclude>
    <ClInclude Include="..\controls.extend\reole\dataobject.h">
      <Filter>Header Files</Filter>
    </ClInclude>
    <ClInclude Include="httpsvr\filereader-i.h">
      <Filter>Header Files</Filter>
    </ClInclude>
    <ClInclude Include="httpsvr\genericserver.h">
      <Filter>Header Files</Filter>
    </ClInclude>
    <ClInclude Include="httpsvr\httpserver.h">
      <Filter>Header Files</Filter>
    </ClInclude>
    <ClInclude Include="magnet\magnetframe.h">
      <Filter>Header Files</Filter>
    </ClInclude>
    <ClInclude Include="memflash.h">
      <Filter>Header Files</Filter>
    </ClInclude>
    <ClInclude Include="resource.h">
      <Filter>Header Files</Filter>
    </ClInclude>
    <ClInclude Include="..\controls.extend\reole\richeditole.h">
      <Filter>Header Files</Filter>
    </ClInclude>
    <ClInclude Include="..\controls.extend\scalendar2.h">
      <Filter>Header Files</Filter>
    </ClInclude>
    <ClInclude Include="..\controls.extend\schatedit.h">
      <Filter>Header Files</Filter>
    </ClInclude>
    <ClInclude Include="clock\sclock.h">
      <Filter>Header Files</Filter>
    </ClInclude>
    <ClInclude Include="appledock\sdesktopdock.h">
      <Filter>Header Files</Filter>
    </ClInclude>
    <ClInclude Include="..\controls.extend\sfadeframe.h">
      <Filter>Header Files</Filter>
    </ClInclude>
    <ClInclude Include="..\controls.extend\siectrl.h">
      <Filter>Header Files</Filter>
    </ClInclude>
    <ClInclude Include="..\controls.extend\simagemaskwnd.h">
      <Filter>Header Files</Filter>
    </ClInclude>
    <ClInclude Include="..\controls.extend\sipaddressctrl.h">
      <Filter>Header Files</Filter>
    </ClInclude>
    <ClInclude Include="..\controls.extend\slistctrlex.h">
      <Filter>Header Files</Filter>
    </ClInclude>
    <ClInclude Include="smatrixwindow.h">
      <Filter>Header Files</Filter>
    </ClInclude>
    <ClInclude Include="..\controls.extend\sprogressring.h">
      <Filter>Header Files</Filter>
    </ClInclude>
    <ClInclude Include="..\controls.extend\sradiobox2.h">
      <Filter>Header Files</Filter>
    </ClInclude>
    <ClInclude Include="..\controls.extend\sscrolltext.h">
      <Filter>Header Files</Filter>
    </ClInclude>
    <CustomBuild Include="stdafx.h">
      <Filter>Header Files</Filter>
    </CustomBuild>
    <ClInclude Include="threadObject.h">
      <Filter>Header Files</Filter>
    </ClInclude>
    <ClInclude Include="..\controls.extend\tipwnd.h">
      <Filter>Header Files</Filter>
    </ClInclude>
    <ClInclude Include="uianimation\uianimation.h">
      <Filter>Header Files</Filter>
    </ClInclude>
    <ClInclude Include="uianimation\uianimationwnd.h">
      <Filter>Header Files</Filter>
    </ClInclude>
    <ClInclude Include="wtlhelper\whwindow.h">
      <Filter>Header Files</Filter>
    </ClInclude>
  </ItemGroup>
  <ItemGroup>
    <ClCompile Include="stdafx.h.cpp">
      <Filter>Generated Files</Filter>
    </ClCompile>
  </ItemGroup>
  <ItemGroup>
    <ResourceCompile Include="demo.rc" />
  </ItemGroup>
</Project>